
Microsoft Visual Studio Solution File, Format Version 9.00
# Visual Studio 2005
Project("{8BC9CEB8-8B4A-11D0-8D11-00A0C91BC942}") = "TSGraphics", "TSGraphics.vcproj", "{7242C828-42B5-44ED-A798-0EA86B130F47}"
	ProjectSection(ProjectDependencies) = postProject
		{1B46CBB7-7FEF-43EB-8961-BB318CDBAACF} = {1B46CBB7-7FEF-43EB-8961-BB318CDBAACF}
	EndProjectSection
EndProject
Project("{8BC9CEB8-8B4A-11D0-8D11-00A0C91BC942}") = "test_win32", "..\test_win32\test_win32.vcproj", "{582A3DBF-B9E0-4E05-953D-E990C1B11A9C}"
	ProjectSection(ProjectDependencies) = postProject
		{7242C828-42B5-44ED-A798-0EA86B130F47} = {7242C828-42B5-44ED-A798-0EA86B130F47}
		{1B46CBB7-7FEF-43EB-8961-BB318CDBAACF} = {1B46CBB7-7FEF-43EB-8961-BB318CDBAACF}
	EndProjectSection
EndProject
Project("{8BC9CEB8-8B4A-11D0-8D11-00A0C91BC942}") = "util", "..\..\Util\build_vc8\util.vcproj", "{1B46CBB7-7FEF-43EB-8961-BB318CDBAACF}"
EndProject
Global
	GlobalSection(SolutionConfigurationPlatforms) = preSolution
		Debug_Unicode|Win32 = Debug_Unicode|Win32
		Debug|Win32 = Debug|Win32
		Release_Unicode|Win32 = Release_Unicode|Win32
		Release|Win32 = Release|Win32
	EndGlobalSection
	GlobalSection(ProjectConfigurationPlatforms) = postSolution
		{7242C828-42B5-44ED-A798-0EA86B130F47}.Debug_Unicode|Win32.ActiveCfg = Debug_Unicode|Win32
		{7242C828-42B5-44ED-A798-0EA86B130F47}.Debug_Unicode|Win32.Build.0 = Debug_Unicode|Win32
		{7242C828-42B5-44ED-A798-0EA86B130F47}.Debug|Win32.ActiveCfg = Debug|Win32
		{7242C828-42B5-44ED-A798-0EA86B130F47}.Debug|Win32.Build.0 = Debug|Win32
		{7242C828-42B5-44ED-A798-0EA86B130F47}.Release_Unicode|Win32.ActiveCfg = Release_Unicode|Win32
		{7242C828-42B5-44ED-A798-0EA86B130F47}.Release_Unicode|Win32.Build.0 = Release_Unicode|Win32
		{7242C828-42B5-44ED-A798-0EA86B130F47}.Release|Win32.ActiveCfg = Release|Win32
		{7242C828-42B5-44ED-A798-0EA86B130F47}.Release|Win32.Build.0 = Release|Win32
		{582A3DBF-B9E0-4E05-953D-E990C1B11A9C}.Debug_Unicode|Win32.ActiveCfg = Debug_Unicode|Win32
		{582A3DBF-B9E0-4E05-953D-E990C1B11A9C}.Debug_Unicode|Win32.Build.0 = Debug_Unicode|Win32
		{582A3DBF-B9E0-4E05-953D-E990C1B11A9C}.Debug|Win32.ActiveCfg = Debug|Win32
		{582A3DBF-B9E0-4E05-953D-E990C1B11A9C}.Debug|Win32.Build.0 = Debug|Win32
		{582A3DBF-B9E0-4E05-953D-E990C1B11A9C}.Release_Unicode|Win32.ActiveCfg = Release_Unicode|Win32
		{582A3DBF-B9E0-4E05-953D-E990C1B11A9C}.Release_Unicode|Win32.Build.0 = Release_Unicode|Win32
		{582A3DBF-B9E0-4E05-953D-E990C1B11A9C}.Release|Win32.ActiveCfg = Release|Win32
		{582A3DBF-B9E0-4E05-953D-E990C1B11A9C}.Release|Win32.Build.0 = Release|Win32
		{1B46CBB7-7FEF-43EB-8961-BB318CDBAACF}.Debug_Unicode|Win32.ActiveCfg = Debug_Unicode|Win32
		{1B46CBB7-7FEF-43EB-8961-BB318CDBAACF}.Debug_Unicode|Win32.Build.0 = Debug_Unicode|Win32
		{1B46CBB7-7FEF-43EB-8961-BB318CDBAACF}.Debug|Win32.ActiveCfg = Debug|Win32
		{1B46CBB7-7FEF-43EB-8961-BB318CDBAACF}.Debug|Win32.Build.0 = Debug|Win32
		{1B46CBB7-7FEF-43EB-8961-BB318CDBAACF}.Release_Unicode|Win32.ActiveCfg = Release_Unicode|Win32
		{1B46CBB7-7FEF-43EB-8961-BB318CDBAACF}.Release_Unicode|Win32.Build.0 = Release_Unicode|Win32
		{1B46CBB7-7FEF-43EB-8961-BB318CDBAACF}.Release|Win32.ActiveCfg = Release|Win32
		{1B46CBB7-7FEF-43EB-8961-BB318CDBAACF}.Release|Win32.Build.0 = Release|Win32
	EndGlobalSection
	GlobalSection(SolutionProperties) = preSolution
		HideSolutionNode = FALSE
	EndGlobalSection
EndGlobal
