
Microsoft Visual Studio Solution File, Format Version 10.00
# Visual Studio 2008
Project("{8BC9CEB8-8B4A-11D0-8D11-00A0C91BC942}") = "test_win32", "test_win32_vc9.vcproj", "{582A3DBF-B9E0-4E05-953D-E990C1B11A9C}"
	ProjectSection(ProjectDependencies) = postProject
		{7242C828-42B5-44ED-A798-0EA86B130F47} = {7242C828-42B5-44ED-A798-0EA86B130F47}
		{C73D6F2C-A332-47C8-8B08-2CBB481B45AA} = {C73D6F2C-A332-47C8-8B08-2CBB481B45AA}
		{B0F00C3C-1498-44CF-B880-6454E3AE5521} = {B0F00C3C-1498-44CF-B880-6454E3AE5521}
		{1B46CBB7-7FEF-43EB-8961-BB318CDBAACF} = {1B46CBB7-7FEF-43EB-8961-BB318CDBAACF}
	EndProjectSection
EndProject
Project("{8BC9CEB8-8B4A-11D0-8D11-00A0C91BC942}") = "TSGraphics", "..\build_vc9\TSGraphics.vcproj", "{7242C828-42B5-44ED-A798-0EA86B130F47}"
	ProjectSection(ProjectDependencies) = postProject
		{B0F00C3C-1498-44CF-B880-6454E3AE5521} = {B0F00C3C-1498-44CF-B880-6454E3AE5521}
		{1B46CBB7-7FEF-43EB-8961-BB318CDBAACF} = {1B46CBB7-7FEF-43EB-8961-BB318CDBAACF}
	EndProjectSection
EndProject
Project("{8BC9CEB8-8B4A-11D0-8D11-00A0C91BC942}") = "PlatformDependent", "..\..\PlatformDependent\build_vc9\PlatformDependent.vcproj", "{C73D6F2C-A332-47C8-8B08-2CBB481B45AA}"
EndProject
Project("{8BC9CEB8-8B4A-11D0-8D11-00A0C91BC942}") = "TSUtil", "..\..\Util\build_vc9\util.vcproj", "{1B46CBB7-7FEF-43EB-8961-BB318CDBAACF}"
EndProject
Project("{8BC9CEB8-8B4A-11D0-8D11-00A0C91BC942}") = "LibImage", "..\..\Image\build_vc9\LibImage.vcproj", "{B0F00C3C-1498-44CF-B880-6454E3AE5521}"
EndProject
Global
	GlobalSection(SolutionConfigurationPlatforms) = preSolution
		ASM_DLL_DEBUG|Win32 = ASM_DLL_DEBUG|Win32
		ASM_DLL_DEBUG|x64 = ASM_DLL_DEBUG|x64
		ASM_DLL_RELEASE|Win32 = ASM_DLL_RELEASE|Win32
		ASM_DLL_RELEASE|x64 = ASM_DLL_RELEASE|x64
		ASM_LIB_DEBUG|Win32 = ASM_LIB_DEBUG|Win32
		ASM_LIB_DEBUG|x64 = ASM_LIB_DEBUG|x64
		ASM_LIB_RELEASE|Win32 = ASM_LIB_RELEASE|Win32
		ASM_LIB_RELEASE|x64 = ASM_LIB_RELEASE|x64
		Debug_noMFC|Win32 = Debug_noMFC|Win32
		Debug_noMFC|x64 = Debug_noMFC|x64
		Debug_Unicode|Win32 = Debug_Unicode|Win32
		Debug_Unicode|x64 = Debug_Unicode|x64
		Debug|Win32 = Debug|Win32
		Debug|x64 = Debug|x64
		DLL RELEASE|Win32 = DLL RELEASE|Win32
		DLL RELEASE|x64 = DLL RELEASE|x64
		DLL_DEBUG|Win32 = DLL_DEBUG|Win32
		DLL_DEBUG|x64 = DLL_DEBUG|x64
		DLL_DEBUG64|Win32 = DLL_DEBUG64|Win32
		DLL_DEBUG64|x64 = DLL_DEBUG64|x64
		LIB_DEBUG|Win32 = LIB_DEBUG|Win32
		LIB_DEBUG|x64 = LIB_DEBUG|x64
		LIB_RELEASE|Win32 = LIB_RELEASE|Win32
		LIB_RELEASE|x64 = LIB_RELEASE|x64
		Release(staticMFC)|Win32 = Release(staticMFC)|Win32
		Release(staticMFC)|x64 = Release(staticMFC)|x64
		Release_noMFC|Win32 = Release_noMFC|Win32
		Release_noMFC|x64 = Release_noMFC|x64
		Release_Unicode|Win32 = Release_Unicode|Win32
		Release_Unicode|x64 = Release_Unicode|x64
		Release|Win32 = Release|Win32
		Release|x64 = Release|x64
		Static|Win32 = Static|Win32
		Static|x64 = Static|x64
	EndGlobalSection
	GlobalSection(ProjectConfigurationPlatforms) = postSolution
		{582A3DBF-B9E0-4E05-953D-E990C1B11A9C}.ASM_DLL_DEBUG|Win32.ActiveCfg = Release_Unicode|Win32
		{582A3DBF-B9E0-4E05-953D-E990C1B11A9C}.ASM_DLL_DEBUG|Win32.Build.0 = Release_Unicode|Win32
		{582A3DBF-B9E0-4E05-953D-E990C1B11A9C}.ASM_DLL_DEBUG|x64.ActiveCfg = Release_Unicode|Win32
		{582A3DBF-B9E0-4E05-953D-E990C1B11A9C}.ASM_DLL_RELEASE|Win32.ActiveCfg = Release_Unicode|Win32
		{582A3DBF-B9E0-4E05-953D-E990C1B11A9C}.ASM_DLL_RELEASE|Win32.Build.0 = Release_Unicode|Win32
		{582A3DBF-B9E0-4E05-953D-E990C1B11A9C}.ASM_DLL_RELEASE|x64.ActiveCfg = Release_Unicode|Win32
		{582A3DBF-B9E0-4E05-953D-E990C1B11A9C}.ASM_LIB_DEBUG|Win32.ActiveCfg = Release_Unicode|Win32
		{582A3DBF-B9E0-4E05-953D-E990C1B11A9C}.ASM_LIB_DEBUG|Win32.Build.0 = Release_Unicode|Win32
		{582A3DBF-B9E0-4E05-953D-E990C1B11A9C}.ASM_LIB_DEBUG|x64.ActiveCfg = Release_Unicode|Win32
		{582A3DBF-B9E0-4E05-953D-E990C1B11A9C}.ASM_LIB_RELEASE|Win32.ActiveCfg = Release_Unicode|Win32
		{582A3DBF-B9E0-4E05-953D-E990C1B11A9C}.ASM_LIB_RELEASE|Win32.Build.0 = Release_Unicode|Win32
		{582A3DBF-B9E0-4E05-953D-E990C1B11A9C}.ASM_LIB_RELEASE|x64.ActiveCfg = Release_Unicode|Win32
		{582A3DBF-B9E0-4E05-953D-E990C1B11A9C}.Debug_noMFC|Win32.ActiveCfg = Debug_Unicode|Win32
		{582A3DBF-B9E0-4E05-953D-E990C1B11A9C}.Debug_noMFC|Win32.Build.0 = Debug_Unicode|Win32
		{582A3DBF-B9E0-4E05-953D-E990C1B11A9C}.Debug_noMFC|x64.ActiveCfg = Debug_Unicode|Win32
		{582A3DBF-B9E0-4E05-953D-E990C1B11A9C}.Debug_Unicode|Win32.ActiveCfg = Debug_Unicode|Win32
		{582A3DBF-B9E0-4E05-953D-E990C1B11A9C}.Debug_Unicode|Win32.Build.0 = Debug_Unicode|Win32
		{582A3DBF-B9E0-4E05-953D-E990C1B11A9C}.Debug_Unicode|x64.ActiveCfg = Debug_Unicode|Win32
		{582A3DBF-B9E0-4E05-953D-E990C1B11A9C}.Debug|Win32.ActiveCfg = Debug|Win32
		{582A3DBF-B9E0-4E05-953D-E990C1B11A9C}.Debug|Win32.Build.0 = Debug|Win32
		{582A3DBF-B9E0-4E05-953D-E990C1B11A9C}.Debug|x64.ActiveCfg = Debug|Win32
		{582A3DBF-B9E0-4E05-953D-E990C1B11A9C}.DLL RELEASE|Win32.ActiveCfg = Debug_Unicode|Win32
		{582A3DBF-B9E0-4E05-953D-E990C1B11A9C}.DLL RELEASE|Win32.Build.0 = Debug_Unicode|Win32
		{582A3DBF-B9E0-4E05-953D-E990C1B11A9C}.DLL RELEASE|x64.ActiveCfg = Debug_Unicode|Win32
		{582A3DBF-B9E0-4E05-953D-E990C1B11A9C}.DLL_DEBUG|Win32.ActiveCfg = Debug_Unicode|Win32
		{582A3DBF-B9E0-4E05-953D-E990C1B11A9C}.DLL_DEBUG|Win32.Build.0 = Debug_Unicode|Win32
		{582A3DBF-B9E0-4E05-953D-E990C1B11A9C}.DLL_DEBUG|x64.ActiveCfg = Debug_Unicode|Win32
		{582A3DBF-B9E0-4E05-953D-E990C1B11A9C}.DLL_DEBUG64|Win32.ActiveCfg = Debug_Unicode|Win32
		{582A3DBF-B9E0-4E05-953D-E990C1B11A9C}.DLL_DEBUG64|Win32.Build.0 = Debug_Unicode|Win32
		{582A3DBF-B9E0-4E05-953D-E990C1B11A9C}.DLL_DEBUG64|x64.ActiveCfg = Debug_Unicode|Win32
		{582A3DBF-B9E0-4E05-953D-E990C1B11A9C}.LIB_DEBUG|Win32.ActiveCfg = Release_Unicode|Win32
		{582A3DBF-B9E0-4E05-953D-E990C1B11A9C}.LIB_DEBUG|Win32.Build.0 = Release_Unicode|Win32
		{582A3DBF-B9E0-4E05-953D-E990C1B11A9C}.LIB_DEBUG|x64.ActiveCfg = Release_Unicode|Win32
		{582A3DBF-B9E0-4E05-953D-E990C1B11A9C}.LIB_RELEASE|Win32.ActiveCfg = Release_Unicode|Win32
		{582A3DBF-B9E0-4E05-953D-E990C1B11A9C}.LIB_RELEASE|Win32.Build.0 = Release_Unicode|Win32
		{582A3DBF-B9E0-4E05-953D-E990C1B11A9C}.LIB_RELEASE|x64.ActiveCfg = Release_Unicode|Win32
		{582A3DBF-B9E0-4E05-953D-E990C1B11A9C}.Release(staticMFC)|Win32.ActiveCfg = Release_Unicode|Win32
		{582A3DBF-B9E0-4E05-953D-E990C1B11A9C}.Release(staticMFC)|Win32.Build.0 = Release_Unicode|Win32
		{582A3DBF-B9E0-4E05-953D-E990C1B11A9C}.Release(staticMFC)|x64.ActiveCfg = Release_Unicode|Win32
		{582A3DBF-B9E0-4E05-953D-E990C1B11A9C}.Release_noMFC|Win32.ActiveCfg = Release_Unicode|Win32
		{582A3DBF-B9E0-4E05-953D-E990C1B11A9C}.Release_noMFC|Win32.Build.0 = Release_Unicode|Win32
		{582A3DBF-B9E0-4E05-953D-E990C1B11A9C}.Release_noMFC|x64.ActiveCfg = Release_Unicode|Win32
		{582A3DBF-B9E0-4E05-953D-E990C1B11A9C}.Release_Unicode|Win32.ActiveCfg = Release_Unicode|Win32
		{582A3DBF-B9E0-4E05-953D-E990C1B11A9C}.Release_Unicode|Win32.Build.0 = Release_Unicode|Win32
		{582A3DBF-B9E0-4E05-953D-E990C1B11A9C}.Release_Unicode|x64.ActiveCfg = Release_Unicode|Win32
		{582A3DBF-B9E0-4E05-953D-E990C1B11A9C}.Release|Win32.ActiveCfg = Release|Win32
		{582A3DBF-B9E0-4E05-953D-E990C1B11A9C}.Release|Win32.Build.0 = Release|Win32
		{582A3DBF-B9E0-4E05-953D-E990C1B11A9C}.Release|x64.ActiveCfg = Release|Win32
		{582A3DBF-B9E0-4E05-953D-E990C1B11A9C}.Static|Win32.ActiveCfg = Release_Unicode|Win32
		{582A3DBF-B9E0-4E05-953D-E990C1B11A9C}.Static|Win32.Build.0 = Release_Unicode|Win32
		{582A3DBF-B9E0-4E05-953D-E990C1B11A9C}.Static|x64.ActiveCfg = Release_Unicode|Win32
		{7242C828-42B5-44ED-A798-0EA86B130F47}.ASM_DLL_DEBUG|Win32.ActiveCfg = Debug_Unicode|Win32
		{7242C828-42B5-44ED-A798-0EA86B130F47}.ASM_DLL_DEBUG|Win32.Build.0 = Debug_Unicode|Win32
		{7242C828-42B5-44ED-A798-0EA86B130F47}.ASM_DLL_DEBUG|x64.ActiveCfg = Debug_Unicode|Win32
		{7242C828-42B5-44ED-A798-0EA86B130F47}.ASM_DLL_RELEASE|Win32.ActiveCfg = Debug_Unicode|Win32
		{7242C828-42B5-44ED-A798-0EA86B130F47}.ASM_DLL_RELEASE|Win32.Build.0 = Debug_Unicode|Win32
		{7242C828-42B5-44ED-A798-0EA86B130F47}.ASM_DLL_RELEASE|x64.ActiveCfg = Debug_Unicode|Win32
		{7242C828-42B5-44ED-A798-0EA86B130F47}.ASM_LIB_DEBUG|Win32.ActiveCfg = Debug_Unicode|Win32
		{7242C828-42B5-44ED-A798-0EA86B130F47}.ASM_LIB_DEBUG|Win32.Build.0 = Debug_Unicode|Win32
		{7242C828-42B5-44ED-A798-0EA86B130F47}.ASM_LIB_DEBUG|x64.ActiveCfg = Debug_Unicode|Win32
		{7242C828-42B5-44ED-A798-0EA86B130F47}.ASM_LIB_RELEASE|Win32.ActiveCfg = Debug_Unicode|Win32
		{7242C828-42B5-44ED-A798-0EA86B130F47}.ASM_LIB_RELEASE|Win32.Build.0 = Debug_Unicode|Win32
		{7242C828-42B5-44ED-A798-0EA86B130F47}.ASM_LIB_RELEASE|x64.ActiveCfg = Debug_Unicode|Win32
		{7242C828-42B5-44ED-A798-0EA86B130F47}.Debug_noMFC|Win32.ActiveCfg = Debug_Unicode|Win32
		{7242C828-42B5-44ED-A798-0EA86B130F47}.Debug_noMFC|Win32.Build.0 = Debug_Unicode|Win32
		{7242C828-42B5-44ED-A798-0EA86B130F47}.Debug_noMFC|x64.ActiveCfg = Debug_Unicode|Win32
		{7242C828-42B5-44ED-A798-0EA86B130F47}.Debug_Unicode|Win32.ActiveCfg = Debug_Unicode|Win32
		{7242C828-42B5-44ED-A798-0EA86B130F47}.Debug_Unicode|Win32.Build.0 = Debug_Unicode|Win32
		{7242C828-42B5-44ED-A798-0EA86B130F47}.Debug_Unicode|x64.ActiveCfg = Debug_Unicode|Win32
		{7242C828-42B5-44ED-A798-0EA86B130F47}.Debug|Win32.ActiveCfg = Debug|Win32
		{7242C828-42B5-44ED-A798-0EA86B130F47}.Debug|Win32.Build.0 = Debug|Win32
		{7242C828-42B5-44ED-A798-0EA86B130F47}.Debug|x64.ActiveCfg = Debug|Win32
		{7242C828-42B5-44ED-A798-0EA86B130F47}.DLL RELEASE|Win32.ActiveCfg = Debug_Unicode|Win32
		{7242C828-42B5-44ED-A798-0EA86B130F47}.DLL RELEASE|Win32.Build.0 = Debug_Unicode|Win32
		{7242C828-42B5-44ED-A798-0EA86B130F47}.DLL RELEASE|x64.ActiveCfg = Debug_Unicode|Win32
		{7242C828-42B5-44ED-A798-0EA86B130F47}.DLL_DEBUG|Win32.ActiveCfg = Debug_Unicode|Win32
		{7242C828-42B5-44ED-A798-0EA86B130F47}.DLL_DEBUG|Win32.Build.0 = Debug_Unicode|Win32
		{7242C828-42B5-44ED-A798-0EA86B130F47}.DLL_DEBUG|x64.ActiveCfg = Debug_Unicode|Win32
		{7242C828-42B5-44ED-A798-0EA86B130F47}.DLL_DEBUG64|Win32.ActiveCfg = Debug_Unicode|Win32
		{7242C828-42B5-44ED-A798-0EA86B130F47}.DLL_DEBUG64|Win32.Build.0 = Debug_Unicode|Win32
		{7242C828-42B5-44ED-A798-0EA86B130F47}.DLL_DEBUG64|x64.ActiveCfg = Debug_Unicode|Win32
		{7242C828-42B5-44ED-A798-0EA86B130F47}.LIB_DEBUG|Win32.ActiveCfg = Debug_Unicode|Win32
		{7242C828-42B5-44ED-A798-0EA86B130F47}.LIB_DEBUG|Win32.Build.0 = Debug_Unicode|Win32
		{7242C828-42B5-44ED-A798-0EA86B130F47}.LIB_DEBUG|x64.ActiveCfg = Debug_Unicode|Win32
		{7242C828-42B5-44ED-A798-0EA86B130F47}.LIB_RELEASE|Win32.ActiveCfg = Debug_Unicode|Win32
		{7242C828-42B5-44ED-A798-0EA86B130F47}.LIB_RELEASE|Win32.Build.0 = Debug_Unicode|Win32
		{7242C828-42B5-44ED-A798-0EA86B130F47}.LIB_RELEASE|x64.ActiveCfg = Debug_Unicode|Win32
		{7242C828-42B5-44ED-A798-0EA86B130F47}.Release(staticMFC)|Win32.ActiveCfg = Release|Win32
		{7242C828-42B5-44ED-A798-0EA86B130F47}.Release(staticMFC)|Win32.Build.0 = Release|Win32
		{7242C828-42B5-44ED-A798-0EA86B130F47}.Release(staticMFC)|x64.ActiveCfg = Release|Win32
		{7242C828-42B5-44ED-A798-0EA86B130F47}.Release_noMFC|Win32.ActiveCfg = Release|Win32
		{7242C828-42B5-44ED-A798-0EA86B130F47}.Release_noMFC|Win32.Build.0 = Release|Win32
		{7242C828-42B5-44ED-A798-0EA86B130F47}.Release_noMFC|x64.ActiveCfg = Release|Win32
		{7242C828-42B5-44ED-A798-0EA86B130F47}.Release_Unicode|Win32.ActiveCfg = Release|Win32
		{7242C828-42B5-44ED-A798-0EA86B130F47}.Release_Unicode|Win32.Build.0 = Release|Win32
		{7242C828-42B5-44ED-A798-0EA86B130F47}.Release_Unicode|x64.ActiveCfg = Release|Win32
		{7242C828-42B5-44ED-A798-0EA86B130F47}.Release|Win32.ActiveCfg = Release|Win32
		{7242C828-42B5-44ED-A798-0EA86B130F47}.Release|Win32.Build.0 = Release|Win32
		{7242C828-42B5-44ED-A798-0EA86B130F47}.Release|x64.ActiveCfg = Release|Win32
		{7242C828-42B5-44ED-A798-0EA86B130F47}.Static|Win32.ActiveCfg = Static|Win32
		{7242C828-42B5-44ED-A798-0EA86B130F47}.Static|Win32.Build.0 = Static|Win32
		{7242C828-42B5-44ED-A798-0EA86B130F47}.Static|x64.ActiveCfg = Static|Win32
		{C73D6F2C-A332-47C8-8B08-2CBB481B45AA}.ASM_DLL_DEBUG|Win32.ActiveCfg = Release_noMFC|Win32
		{C73D6F2C-A332-47C8-8B08-2CBB481B45AA}.ASM_DLL_DEBUG|Win32.Build.0 = Release_noMFC|Win32
		{C73D6F2C-A332-47C8-8B08-2CBB481B45AA}.ASM_DLL_DEBUG|x64.ActiveCfg = Release_noMFC|Win32
		{C73D6F2C-A332-47C8-8B08-2CBB481B45AA}.ASM_DLL_RELEASE|Win32.ActiveCfg = Release_noMFC|Win32
		{C73D6F2C-A332-47C8-8B08-2CBB481B45AA}.ASM_DLL_RELEASE|Win32.Build.0 = Release_noMFC|Win32
		{C73D6F2C-A332-47C8-8B08-2CBB481B45AA}.ASM_DLL_RELEASE|x64.ActiveCfg = Release_noMFC|Win32
		{C73D6F2C-A332-47C8-8B08-2CBB481B45AA}.ASM_LIB_DEBUG|Win32.ActiveCfg = Release_noMFC|Win32
		{C73D6F2C-A332-47C8-8B08-2CBB481B45AA}.ASM_LIB_DEBUG|Win32.Build.0 = Release_noMFC|Win32
		{C73D6F2C-A332-47C8-8B08-2CBB481B45AA}.ASM_LIB_DEBUG|x64.ActiveCfg = Release_noMFC|Win32
		{C73D6F2C-A332-47C8-8B08-2CBB481B45AA}.ASM_LIB_RELEASE|Win32.ActiveCfg = Release_noMFC|Win32
		{C73D6F2C-A332-47C8-8B08-2CBB481B45AA}.ASM_LIB_RELEASE|Win32.Build.0 = Release_noMFC|Win32
		{C73D6F2C-A332-47C8-8B08-2CBB481B45AA}.ASM_LIB_RELEASE|x64.ActiveCfg = Release_noMFC|Win32
		{C73D6F2C-A332-47C8-8B08-2CBB481B45AA}.Debug_noMFC|Win32.ActiveCfg = Debug_noMFC|Win32
		{C73D6F2C-A332-47C8-8B08-2CBB481B45AA}.Debug_noMFC|Win32.Build.0 = Debug_noMFC|Win32
		{C73D6F2C-A332-47C8-8B08-2CBB481B45AA}.Debug_noMFC|x64.ActiveCfg = Debug_noMFC|Win32
		{C73D6F2C-A332-47C8-8B08-2CBB481B45AA}.Debug_Unicode|Win32.ActiveCfg = Debug_Unicode|Win32
		{C73D6F2C-A332-47C8-8B08-2CBB481B45AA}.Debug_Unicode|Win32.Build.0 = Debug_Unicode|Win32
		{C73D6F2C-A332-47C8-8B08-2CBB481B45AA}.Debug_Unicode|x64.ActiveCfg = Debug_Unicode|Win32
		{C73D6F2C-A332-47C8-8B08-2CBB481B45AA}.Debug|Win32.ActiveCfg = Debug|Win32
		{C73D6F2C-A332-47C8-8B08-2CBB481B45AA}.Debug|Win32.Build.0 = Debug|Win32
		{C73D6F2C-A332-47C8-8B08-2CBB481B45AA}.Debug|x64.ActiveCfg = Debug|Win32
		{C73D6F2C-A332-47C8-8B08-2CBB481B45AA}.DLL RELEASE|Win32.ActiveCfg = Debug_noMFC|Win32
		{C73D6F2C-A332-47C8-8B08-2CBB481B45AA}.DLL RELEASE|Win32.Build.0 = Debug_noMFC|Win32
		{C73D6F2C-A332-47C8-8B08-2CBB481B45AA}.DLL RELEASE|x64.ActiveCfg = Debug_noMFC|Win32
		{C73D6F2C-A332-47C8-8B08-2CBB481B45AA}.DLL_DEBUG|Win32.ActiveCfg = Debug_noMFC|Win32
		{C73D6F2C-A332-47C8-8B08-2CBB481B45AA}.DLL_DEBUG|Win32.Build.0 = Debug_noMFC|Win32
		{C73D6F2C-A332-47C8-8B08-2CBB481B45AA}.DLL_DEBUG|x64.ActiveCfg = Debug_noMFC|Win32
		{C73D6F2C-A332-47C8-8B08-2CBB481B45AA}.DLL_DEBUG64|Win32.ActiveCfg = Debug_noMFC|Win32
		{C73D6F2C-A332-47C8-8B08-2CBB481B45AA}.DLL_DEBUG64|Win32.Build.0 = Debug_noMFC|Win32
		{C73D6F2C-A332-47C8-8B08-2CBB481B45AA}.DLL_DEBUG64|x64.ActiveCfg = Debug_noMFC|Win32
		{C73D6F2C-A332-47C8-8B08-2CBB481B45AA}.LIB_DEBUG|Win32.ActiveCfg = Release_noMFC|Win32
		{C73D6F2C-A332-47C8-8B08-2CBB481B45AA}.LIB_DEBUG|Win32.Build.0 = Release_noMFC|Win32
		{C73D6F2C-A332-47C8-8B08-2CBB481B45AA}.LIB_DEBUG|x64.ActiveCfg = Release_noMFC|Win32
		{C73D6F2C-A332-47C8-8B08-2CBB481B45AA}.LIB_RELEASE|Win32.ActiveCfg = Release_noMFC|Win32
		{C73D6F2C-A332-47C8-8B08-2CBB481B45AA}.LIB_RELEASE|Win32.Build.0 = Release_noMFC|Win32
		{C73D6F2C-A332-47C8-8B08-2CBB481B45AA}.LIB_RELEASE|x64.ActiveCfg = Release_noMFC|Win32
		{C73D6F2C-A332-47C8-8B08-2CBB481B45AA}.Release(staticMFC)|Win32.ActiveCfg = Release_noMFC|Win32
		{C73D6F2C-A332-47C8-8B08-2CBB481B45AA}.Release(staticMFC)|Win32.Build.0 = Release_noMFC|Win32
		{C73D6F2C-A332-47C8-8B08-2CBB481B45AA}.Release(staticMFC)|x64.ActiveCfg = Release_noMFC|Win32
		{C73D6F2C-A332-47C8-8B08-2CBB481B45AA}.Release_noMFC|Win32.ActiveCfg = Release_noMFC|Win32
		{C73D6F2C-A332-47C8-8B08-2CBB481B45AA}.Release_noMFC|Win32.Build.0 = Release_noMFC|Win32
		{C73D6F2C-A332-47C8-8B08-2CBB481B45AA}.Release_noMFC|x64.ActiveCfg = Release_noMFC|Win32
		{C73D6F2C-A332-47C8-8B08-2CBB481B45AA}.Release_Unicode|Win32.ActiveCfg = Release_Unicode|Win32
		{C73D6F2C-A332-47C8-8B08-2CBB481B45AA}.Release_Unicode|Win32.Build.0 = Release_Unicode|Win32
		{C73D6F2C-A332-47C8-8B08-2CBB481B45AA}.Release_Unicode|x64.ActiveCfg = Release_Unicode|Win32
		{C73D6F2C-A332-47C8-8B08-2CBB481B45AA}.Release|Win32.ActiveCfg = Release|Win32
		{C73D6F2C-A332-47C8-8B08-2CBB481B45AA}.Release|Win32.Build.0 = Release|Win32
		{C73D6F2C-A332-47C8-8B08-2CBB481B45AA}.Release|x64.ActiveCfg = Release|Win32
		{C73D6F2C-A332-47C8-8B08-2CBB481B45AA}.Static|Win32.ActiveCfg = Static|Win32
		{C73D6F2C-A332-47C8-8B08-2CBB481B45AA}.Static|Win32.Build.0 = Static|Win32
		{C73D6F2C-A332-47C8-8B08-2CBB481B45AA}.Static|x64.ActiveCfg = Static|Win32
		{1B46CBB7-7FEF-43EB-8961-BB318CDBAACF}.ASM_DLL_DEBUG|Win32.ActiveCfg = Release_noMFC|Win32
		{1B46CBB7-7FEF-43EB-8961-BB318CDBAACF}.ASM_DLL_DEBUG|Win32.Build.0 = Release_noMFC|Win32
		{1B46CBB7-7FEF-43EB-8961-BB318CDBAACF}.ASM_DLL_DEBUG|x64.ActiveCfg = Release_noMFC|Win32
		{1B46CBB7-7FEF-43EB-8961-BB318CDBAACF}.ASM_DLL_RELEASE|Win32.ActiveCfg = Release_noMFC|Win32
		{1B46CBB7-7FEF-43EB-8961-BB318CDBAACF}.ASM_DLL_RELEASE|Win32.Build.0 = Release_noMFC|Win32
		{1B46CBB7-7FEF-43EB-8961-BB318CDBAACF}.ASM_DLL_RELEASE|x64.ActiveCfg = Release_noMFC|Win32
		{1B46CBB7-7FEF-43EB-8961-BB318CDBAACF}.ASM_LIB_DEBUG|Win32.ActiveCfg = Release_noMFC|Win32
		{1B46CBB7-7FEF-43EB-8961-BB318CDBAACF}.ASM_LIB_DEBUG|Win32.Build.0 = Release_noMFC|Win32
		{1B46CBB7-7FEF-43EB-8961-BB318CDBAACF}.ASM_LIB_DEBUG|x64.ActiveCfg = Release_noMFC|Win32
		{1B46CBB7-7FEF-43EB-8961-BB318CDBAACF}.ASM_LIB_RELEASE|Win32.ActiveCfg = Release_noMFC|Win32
		{1B46CBB7-7FEF-43EB-8961-BB318CDBAACF}.ASM_LIB_RELEASE|Win32.Build.0 = Release_noMFC|Win32
		{1B46CBB7-7FEF-43EB-8961-BB318CDBAACF}.ASM_LIB_RELEASE|x64.ActiveCfg = Release_noMFC|Win32
		{1B46CBB7-7FEF-43EB-8961-BB318CDBAACF}.Debug_noMFC|Win32.ActiveCfg = Debug_noMFC|Win32
		{1B46CBB7-7FEF-43EB-8961-BB318CDBAACF}.Debug_noMFC|Win32.Build.0 = Debug_noMFC|Win32
		{1B46CBB7-7FEF-43EB-8961-BB318CDBAACF}.Debug_noMFC|x64.ActiveCfg = Debug_noMFC|Win32
		{1B46CBB7-7FEF-43EB-8961-BB318CDBAACF}.Debug_Unicode|Win32.ActiveCfg = Debug_Unicode|Win32
		{1B46CBB7-7FEF-43EB-8961-BB318CDBAACF}.Debug_Unicode|Win32.Build.0 = Debug_Unicode|Win32
		{1B46CBB7-7FEF-43EB-8961-BB318CDBAACF}.Debug_Unicode|x64.ActiveCfg = Debug_Unicode|Win32
		{1B46CBB7-7FEF-43EB-8961-BB318CDBAACF}.Debug|Win32.ActiveCfg = Debug|Win32
		{1B46CBB7-7FEF-43EB-8961-BB318CDBAACF}.Debug|Win32.Build.0 = Debug|Win32
		{1B46CBB7-7FEF-43EB-8961-BB318CDBAACF}.Debug|x64.ActiveCfg = Debug|Win32
		{1B46CBB7-7FEF-43EB-8961-BB318CDBAACF}.DLL RELEASE|Win32.ActiveCfg = Debug_noMFC|Win32
		{1B46CBB7-7FEF-43EB-8961-BB318CDBAACF}.DLL RELEASE|Win32.Build.0 = Debug_noMFC|Win32
		{1B46CBB7-7FEF-43EB-8961-BB318CDBAACF}.DLL RELEASE|x64.ActiveCfg = Debug_noMFC|Win32
		{1B46CBB7-7FEF-43EB-8961-BB318CDBAACF}.DLL_DEBUG|Win32.ActiveCfg = Debug_noMFC|Win32
		{1B46CBB7-7FEF-43EB-8961-BB318CDBAACF}.DLL_DEBUG|Win32.Build.0 = Debug_noMFC|Win32
		{1B46CBB7-7FEF-43EB-8961-BB318CDBAACF}.DLL_DEBUG|x64.ActiveCfg = Debug_noMFC|Win32
		{1B46CBB7-7FEF-43EB-8961-BB318CDBAACF}.DLL_DEBUG64|Win32.ActiveCfg = Debug_noMFC|Win32
		{1B46CBB7-7FEF-43EB-8961-BB318CDBAACF}.DLL_DEBUG64|Win32.Build.0 = Debug_noMFC|Win32
		{1B46CBB7-7FEF-43EB-8961-BB318CDBAACF}.DLL_DEBUG64|x64.ActiveCfg = Debug_noMFC|Win32
		{1B46CBB7-7FEF-43EB-8961-BB318CDBAACF}.LIB_DEBUG|Win32.ActiveCfg = Release_noMFC|Win32
		{1B46CBB7-7FEF-43EB-8961-BB318CDBAACF}.LIB_DEBUG|Win32.Build.0 = Release_noMFC|Win32
		{1B46CBB7-7FEF-43EB-8961-BB318CDBAACF}.LIB_DEBUG|x64.ActiveCfg = Release_noMFC|Win32
		{1B46CBB7-7FEF-43EB-8961-BB318CDBAACF}.LIB_RELEASE|Win32.ActiveCfg = Release_noMFC|Win32
		{1B46CBB7-7FEF-43EB-8961-BB318CDBAACF}.LIB_RELEASE|Win32.Build.0 = Release_noMFC|Win32
		{1B46CBB7-7FEF-43EB-8961-BB318CDBAACF}.LIB_RELEASE|x64.ActiveCfg = Release_noMFC|Win32
		{1B46CBB7-7FEF-43EB-8961-BB318CDBAACF}.Release(staticMFC)|Win32.ActiveCfg = Release(staticMFC)|Win32
		{1B46CBB7-7FEF-43EB-8961-BB318CDBAACF}.Release(staticMFC)|Win32.Build.0 = Release(staticMFC)|Win32
		{1B46CBB7-7FEF-43EB-8961-BB318CDBAACF}.Release(staticMFC)|x64.ActiveCfg = Release(staticMFC)|Win32
		{1B46CBB7-7FEF-43EB-8961-BB318CDBAACF}.Release_noMFC|Win32.ActiveCfg = Release_noMFC|Win32
		{1B46CBB7-7FEF-43EB-8961-BB318CDBAACF}.Release_noMFC|Win32.Build.0 = Release_noMFC|Win32
		{1B46CBB7-7FEF-43EB-8961-BB318CDBAACF}.Release_noMFC|x64.ActiveCfg = Release_noMFC|Win32
		{1B46CBB7-7FEF-43EB-8961-BB318CDBAACF}.Release_Unicode|Win32.ActiveCfg = Release_Unicode|Win32
		{1B46CBB7-7FEF-43EB-8961-BB318CDBAACF}.Release_Unicode|Win32.Build.0 = Release_Unicode|Win32
		{1B46CBB7-7FEF-43EB-8961-BB318CDBAACF}.Release_Unicode|x64.ActiveCfg = Release_Unicode|Win32
		{1B46CBB7-7FEF-43EB-8961-BB318CDBAACF}.Release|Win32.ActiveCfg = Release|Win32
		{1B46CBB7-7FEF-43EB-8961-BB318CDBAACF}.Release|Win32.Build.0 = Release|Win32
		{1B46CBB7-7FEF-43EB-8961-BB318CDBAACF}.Release|x64.ActiveCfg = Release|Win32
		{1B46CBB7-7FEF-43EB-8961-BB318CDBAACF}.Static|Win32.ActiveCfg = Release_noMFC|Win32
		{1B46CBB7-7FEF-43EB-8961-BB318CDBAACF}.Static|Win32.Build.0 = Release_noMFC|Win32
		{1B46CBB7-7FEF-43EB-8961-BB318CDBAACF}.Static|x64.ActiveCfg = Release_noMFC|Win32
		{B0F00C3C-1498-44CF-B880-6454E3AE5521}.ASM_DLL_DEBUG|Win32.ActiveCfg = ASM_DLL_DEBUG|Win32
		{B0F00C3C-1498-44CF-B880-6454E3AE5521}.ASM_DLL_DEBUG|Win32.Build.0 = ASM_DLL_DEBUG|Win32
		{B0F00C3C-1498-44CF-B880-6454E3AE5521}.ASM_DLL_DEBUG|x64.ActiveCfg = ASM_DLL_DEBUG|x64
		{B0F00C3C-1498-44CF-B880-6454E3AE5521}.ASM_DLL_DEBUG|x64.Build.0 = ASM_DLL_DEBUG|x64
		{B0F00C3C-1498-44CF-B880-6454E3AE5521}.ASM_DLL_RELEASE|Win32.ActiveCfg = ASM_DLL_RELEASE|Win32
		{B0F00C3C-1498-44CF-B880-6454E3AE5521}.ASM_DLL_RELEASE|Win32.Build.0 = ASM_DLL_RELEASE|Win32
		{B0F00C3C-1498-44CF-B880-6454E3AE5521}.ASM_DLL_RELEASE|x64.ActiveCfg = ASM_DLL_RELEASE|x64
		{B0F00C3C-1498-44CF-B880-6454E3AE5521}.ASM_DLL_RELEASE|x64.Build.0 = ASM_DLL_RELEASE|x64
		{B0F00C3C-1498-44CF-B880-6454E3AE5521}.ASM_LIB_DEBUG|Win32.ActiveCfg = ASM_LIB_DEBUG|Win32
		{B0F00C3C-1498-44CF-B880-6454E3AE5521}.ASM_LIB_DEBUG|Win32.Build.0 = ASM_LIB_DEBUG|Win32
		{B0F00C3C-1498-44CF-B880-6454E3AE5521}.ASM_LIB_DEBUG|x64.ActiveCfg = ASM_LIB_DEBUG|x64
		{B0F00C3C-1498-44CF-B880-6454E3AE5521}.ASM_LIB_DEBUG|x64.Build.0 = ASM_LIB_DEBUG|x64
		{B0F00C3C-1498-44CF-B880-6454E3AE5521}.ASM_LIB_RELEASE|Win32.ActiveCfg = ASM_LIB_RELEASE|Win32
		{B0F00C3C-1498-44CF-B880-6454E3AE5521}.ASM_LIB_RELEASE|Win32.Build.0 = ASM_LIB_RELEASE|Win32
		{B0F00C3C-1498-44CF-B880-6454E3AE5521}.ASM_LIB_RELEASE|x64.ActiveCfg = ASM_LIB_RELEASE|x64
		{B0F00C3C-1498-44CF-B880-6454E3AE5521}.ASM_LIB_RELEASE|x64.Build.0 = ASM_LIB_RELEASE|x64
		{B0F00C3C-1498-44CF-B880-6454E3AE5521}.Debug_noMFC|Win32.ActiveCfg = ASM_LIB_DEBUG|Win32
		{B0F00C3C-1498-44CF-B880-6454E3AE5521}.Debug_noMFC|Win32.Build.0 = ASM_LIB_DEBUG|Win32
		{B0F00C3C-1498-44CF-B880-6454E3AE5521}.Debug_noMFC|x64.ActiveCfg = DLL_DEBUG64|x64
		{B0F00C3C-1498-44CF-B880-6454E3AE5521}.Debug_noMFC|x64.Build.0 = DLL_DEBUG64|x64
		{B0F00C3C-1498-44CF-B880-6454E3AE5521}.Debug_Unicode|Win32.ActiveCfg = ASM_LIB_DEBUG|Win32
		{B0F00C3C-1498-44CF-B880-6454E3AE5521}.Debug_Unicode|Win32.Build.0 = ASM_LIB_DEBUG|Win32
		{B0F00C3C-1498-44CF-B880-6454E3AE5521}.Debug_Unicode|x64.ActiveCfg = DLL_DEBUG64|x64
		{B0F00C3C-1498-44CF-B880-6454E3AE5521}.Debug_Unicode|x64.Build.0 = DLL_DEBUG64|x64
		{B0F00C3C-1498-44CF-B880-6454E3AE5521}.Debug|Win32.ActiveCfg = DLL_DEBUG64|x64
		{B0F00C3C-1498-44CF-B880-6454E3AE5521}.Debug|x64.ActiveCfg = DLL_DEBUG64|x64
		{B0F00C3C-1498-44CF-B880-6454E3AE5521}.Debug|x64.Build.0 = DLL_DEBUG64|x64
		{B0F00C3C-1498-44CF-B880-6454E3AE5521}.DLL RELEASE|Win32.ActiveCfg = DLL RELEASE|Win32
		{B0F00C3C-1498-44CF-B880-6454E3AE5521}.DLL RELEASE|Win32.Build.0 = DLL RELEASE|Win32
		{B0F00C3C-1498-44CF-B880-6454E3AE5521}.DLL RELEASE|x64.ActiveCfg = DLL RELEASE|x64
		{B0F00C3C-1498-44CF-B880-6454E3AE5521}.DLL RELEASE|x64.Build.0 = DLL RELEASE|x64
		{B0F00C3C-1498-44CF-B880-6454E3AE5521}.DLL_DEBUG|Win32.ActiveCfg = DLL_DEBUG|Win32
		{B0F00C3C-1498-44CF-B880-6454E3AE5521}.DLL_DEBUG|Win32.Build.0 = DLL_DEBUG|Win32
		{B0F00C3C-1498-44CF-B880-6454E3AE5521}.DLL_DEBUG|x64.ActiveCfg = DLL_DEBUG|x64
		{B0F00C3C-1498-44CF-B880-6454E3AE5521}.DLL_DEBUG|x64.Build.0 = DLL_DEBUG|x64
		{B0F00C3C-1498-44CF-B880-6454E3AE5521}.DLL_DEBUG64|Win32.ActiveCfg = DLL_DEBUG64|Win32
		{B0F00C3C-1498-44CF-B880-6454E3AE5521}.DLL_DEBUG64|Win32.Build.0 = DLL_DEBUG64|Win32
		{B0F00C3C-1498-44CF-B880-6454E3AE5521}.DLL_DEBUG64|x64.ActiveCfg = DLL_DEBUG64|x64
		{B0F00C3C-1498-44CF-B880-6454E3AE5521}.DLL_DEBUG64|x64.Build.0 = DLL_DEBUG64|x64
		{B0F00C3C-1498-44CF-B880-6454E3AE5521}.LIB_DEBUG|Win32.ActiveCfg = LIB_DEBUG|Win32
		{B0F00C3C-1498-44CF-B880-6454E3AE5521}.LIB_DEBUG|Win32.Build.0 = LIB_DEBUG|Win32
		{B0F00C3C-1498-44CF-B880-6454E3AE5521}.LIB_DEBUG|x64.ActiveCfg = LIB_DEBUG|x64
		{B0F00C3C-1498-44CF-B880-6454E3AE5521}.LIB_DEBUG|x64.Build.0 = LIB_DEBUG|x64
		{B0F00C3C-1498-44CF-B880-6454E3AE5521}.LIB_RELEASE|Win32.ActiveCfg = LIB_RELEASE|Win32
		{B0F00C3C-1498-44CF-B880-6454E3AE5521}.LIB_RELEASE|Win32.Build.0 = LIB_RELEASE|Win32
		{B0F00C3C-1498-44CF-B880-6454E3AE5521}.LIB_RELEASE|x64.ActiveCfg = LIB_RELEASE|x64
		{B0F00C3C-1498-44CF-B880-6454E3AE5521}.LIB_RELEASE|x64.Build.0 = LIB_RELEASE|x64
		{B0F00C3C-1498-44CF-B880-6454E3AE5521}.Release(staticMFC)|Win32.ActiveCfg = DLL_DEBUG64|x64
		{B0F00C3C-1498-44CF-B880-6454E3AE5521}.Release(staticMFC)|x64.ActiveCfg = DLL_DEBUG64|x64
		{B0F00C3C-1498-44CF-B880-6454E3AE5521}.Release(staticMFC)|x64.Build.0 = DLL_DEBUG64|x64
		{B0F00C3C-1498-44CF-B880-6454E3AE5521}.Release_noMFC|Win32.ActiveCfg = DLL_DEBUG64|x64
		{B0F00C3C-1498-44CF-B880-6454E3AE5521}.Release_noMFC|x64.ActiveCfg = DLL_DEBUG64|x64
		{B0F00C3C-1498-44CF-B880-6454E3AE5521}.Release_noMFC|x64.Build.0 = DLL_DEBUG64|x64
		{B0F00C3C-1498-44CF-B880-6454E3AE5521}.Release_Unicode|Win32.ActiveCfg = DLL_DEBUG64|x64
		{B0F00C3C-1498-44CF-B880-6454E3AE5521}.Release_Unicode|x64.ActiveCfg = DLL_DEBUG64|x64
		{B0F00C3C-1498-44CF-B880-6454E3AE5521}.Release_Unicode|x64.Build.0 = DLL_DEBUG64|x64
		{B0F00C3C-1498-44CF-B880-6454E3AE5521}.Release|Win32.ActiveCfg = DLL_DEBUG64|x64
		{B0F00C3C-1498-44CF-B880-6454E3AE5521}.Release|x64.ActiveCfg = DLL_DEBUG64|x64
		{B0F00C3C-1498-44CF-B880-6454E3AE5521}.Release|x64.Build.0 = DLL_DEBUG64|x64
		{B0F00C3C-1498-44CF-B880-6454E3AE5521}.Static|Win32.ActiveCfg = DLL_DEBUG64|x64
		{B0F00C3C-1498-44CF-B880-6454E3AE5521}.Static|x64.ActiveCfg = DLL_DEBUG64|x64
		{B0F00C3C-1498-44CF-B880-6454E3AE5521}.Static|x64.Build.0 = DLL_DEBUG64|x64
	EndGlobalSection
	GlobalSection(SolutionProperties) = preSolution
		HideSolutionNode = FALSE
	EndGlobalSection
EndGlobal
