// !$*UTF8*$!
{
	archiveVersion = 1;
	classes = {
	};
	objectVersion = 46;
	objects = {

/* Begin PBXBuildFile section */
		1D60589B0D05DD56006BFB54 /* main.m in Sources */ = {isa = PBXBuildFile; fileRef = 29B97316FDCFA39411CA2CEA /* main.m */; };
		1D60589F0D05DD5A006BFB54 /* Foundation.framework in Frameworks */ = {isa = PBXBuildFile; fileRef = 1D30AB110D05D00D00671497 /* Foundation.framework */; };
		1DF5F4E00D08C38300B7A737 /* UIKit.framework in Frameworks */ = {isa = PBXBuildFile; fileRef = 1DF5F4DF0D08C38300B7A737 /* UIKit.framework */; };
		2514C27310084DB100A42282 /* ES2Renderer.m in Sources */ = {isa = PBXBuildFile; fileRef = 2514C27010084DB100A42282 /* ES2Renderer.m */; };
		2514C27B10084DCA00A42282 /* Shader.fsh in Resources */ = {isa = PBXBuildFile; fileRef = 2514C27910084DCA00A42282 /* Shader.fsh */; };
		2514C27C10084DCA00A42282 /* Shader.vsh in Resources */ = {isa = PBXBuildFile; fileRef = 2514C27A10084DCA00A42282 /* Shader.vsh */; };
		28AD733F0D9D9553002E5188 /* MainWindow.xib in Resources */ = {isa = PBXBuildFile; fileRef = 28AD733E0D9D9553002E5188 /* MainWindow.xib */; };
		28FD15000DC6FC520079059D /* OpenGLES.framework in Frameworks */ = {isa = PBXBuildFile; fileRef = 28FD14FF0DC6FC520079059D /* OpenGLES.framework */; };
		28FD15080DC6FC5B0079059D /* QuartzCore.framework in Frameworks */ = {isa = PBXBuildFile; fileRef = 28FD15070DC6FC5B0079059D /* QuartzCore.framework */; };
		4B19ADDB11AC06E600F86700 /* MainWindow-iPad.xib in Resources */ = {isa = PBXBuildFile; fileRef = 4B19ADDA11AC06E600F86700 /* MainWindow-iPad.xib */; };
		4B76DACD11BE584A00DD1CE8 /* playbutton.png in Resources */ = {isa = PBXBuildFile; fileRef = 4B76DACC11BE584A00DD1CE8 /* playbutton.png */; };
		4B76DAD211BE596F00DD1CE8 /* button.cpp in Sources */ = {isa = PBXBuildFile; fileRef = 4B76DAD011BE596F00DD1CE8 /* button.cpp */; };
		4BAABF9211B51B87006E953E /* EAGLView.mm in Sources */ = {isa = PBXBuildFile; fileRef = 4BAABF8E11B51B87006E953E /* EAGLView.mm */; };
		4BAABF9311B51B87006E953E /* ES1Renderer.mm in Sources */ = {isa = PBXBuildFile; fileRef = 4BAABF8F11B51B87006E953E /* ES1Renderer.mm */; };
		4BAABFC911B51ECD006E953E /* SSA_sample1AppDelegate.m in Sources */ = {isa = PBXBuildFile; fileRef = 4BAABFC811B51ECD006E953E /* SSA_sample1AppDelegate.m */; };
		4BAABFDE11B5215B006E953E /* glcore_ipo.cpp in Sources */ = {isa = PBXBuildFile; fileRef = 4BAABFDA11B5215B006E953E /* glcore_ipo.cpp */; };
		4BAABFDF11B5215B006E953E /* gldev_ipo.cpp in Sources */ = {isa = PBXBuildFile; fileRef = 4BAABFDC11B5215B006E953E /* gldev_ipo.cpp */; };
		4BAAC02A11B5226F006E953E /* audioio.cpp in Sources */ = {isa = PBXBuildFile; fileRef = 4BAABFEA11B5226F006E953E /* audioio.cpp */; };
		4BAAC02B11B5226F006E953E /* bmpio.cpp in Sources */ = {isa = PBXBuildFile; fileRef = 4BAABFEC11B5226F006E953E /* bmpio.cpp */; };
		4BAAC02F11B5226F006E953E /* fileio.cpp in Sources */ = {isa = PBXBuildFile; fileRef = 4BAABFF511B5226F006E953E /* fileio.cpp */; };
		4BAAC03011B5226F006E953E /* galloc.cpp in Sources */ = {isa = PBXBuildFile; fileRef = 4BAABFF711B5226F006E953E /* galloc.cpp */; };
		4BAAC03311B5226F006E953E /* glmobj.cpp in Sources */ = {isa = PBXBuildFile; fileRef = 4BAABFFF11B5226F006E953E /* glmobj.cpp */; };
		4BAAC03411B5226F006E953E /* gltexfb.cpp in Sources */ = {isa = PBXBuildFile; fileRef = 4BAAC00111B5226F006E953E /* gltexfb.cpp */; };
		4BAAC03511B5226F006E953E /* glutil.cpp in Sources */ = {isa = PBXBuildFile; fileRef = 4BAAC00311B5226F006E953E /* glutil.cpp */; };
		4BAAC03611B5226F006E953E /* img_util.cpp in Sources */ = {isa = PBXBuildFile; fileRef = 4BAAC00E11B5226F006E953E /* img_util.cpp */; };
		4BAAC03B11B5226F006E953E /* paint.cpp in Sources */ = {isa = PBXBuildFile; fileRef = 4BAAC01C11B5226F006E953E /* paint.cpp */; };
		4BAAC03C11B5226F006E953E /* pngio.cpp in Sources */ = {isa = PBXBuildFile; fileRef = 4BAAC01E11B5226F006E953E /* pngio.cpp */; };
		4BAAC03E11B5226F006E953E /* sound.cpp in Sources */ = {isa = PBXBuildFile; fileRef = 4BAAC02211B5226F006E953E /* sound.cpp */; };
		4BAAC03F11B5226F006E953E /* vmath.cpp in Sources */ = {isa = PBXBuildFile; fileRef = 4BAAC02411B5226F006E953E /* vmath.cpp */; };
		4BAAC04011B5226F006E953E /* vtx.cpp in Sources */ = {isa = PBXBuildFile; fileRef = 4BAAC02611B5226F006E953E /* vtx.cpp */; };
		4BAAC04111B5226F006E953E /* wavio.cpp in Sources */ = {isa = PBXBuildFile; fileRef = 4BAAC02811B5226F006E953E /* wavio.cpp */; };
		4BAAC05611B52291006E953E /* png.c in Sources */ = {isa = PBXBuildFile; fileRef = 4BAAC04311B52291006E953E /* png.c */; };
		4BAAC05711B52291006E953E /* pngerror.c in Sources */ = {isa = PBXBuildFile; fileRef = 4BAAC04611B52291006E953E /* pngerror.c */; };
		4BAAC05811B52291006E953E /* pnggccrd.c in Sources */ = {isa = PBXBuildFile; fileRef = 4BAAC04711B52291006E953E /* pnggccrd.c */; };
		4BAAC05911B52291006E953E /* pngget.c in Sources */ = {isa = PBXBuildFile; fileRef = 4BAAC04811B52291006E953E /* pngget.c */; };
		4BAAC05A11B52291006E953E /* pngmem.c in Sources */ = {isa = PBXBuildFile; fileRef = 4BAAC04911B52291006E953E /* pngmem.c */; };
		4BAAC05B11B52291006E953E /* pngpread.c in Sources */ = {isa = PBXBuildFile; fileRef = 4BAAC04A11B52291006E953E /* pngpread.c */; };
		4BAAC05C11B52291006E953E /* pngread.c in Sources */ = {isa = PBXBuildFile; fileRef = 4BAAC04B11B52291006E953E /* pngread.c */; };
		4BAAC05D11B52291006E953E /* pngrio.c in Sources */ = {isa = PBXBuildFile; fileRef = 4BAAC04C11B52291006E953E /* pngrio.c */; };
		4BAAC05E11B52291006E953E /* pngrtran.c in Sources */ = {isa = PBXBuildFile; fileRef = 4BAAC04D11B52291006E953E /* pngrtran.c */; };
		4BAAC05F11B52291006E953E /* pngrutil.c in Sources */ = {isa = PBXBuildFile; fileRef = 4BAAC04E11B52291006E953E /* pngrutil.c */; };
		4BAAC06011B52291006E953E /* pngset.c in Sources */ = {isa = PBXBuildFile; fileRef = 4BAAC04F11B52291006E953E /* pngset.c */; };
		4BAAC06111B52291006E953E /* pngtrans.c in Sources */ = {isa = PBXBuildFile; fileRef = 4BAAC05011B52291006E953E /* pngtrans.c */; };
		4BAAC06211B52291006E953E /* pngvcrd.c in Sources */ = {isa = PBXBuildFile; fileRef = 4BAAC05111B52291006E953E /* pngvcrd.c */; };
		4BAAC06311B52291006E953E /* pngwio.c in Sources */ = {isa = PBXBuildFile; fileRef = 4BAAC05211B52291006E953E /* pngwio.c */; };
		4BAAC06411B52291006E953E /* pngwrite.c in Sources */ = {isa = PBXBuildFile; fileRef = 4BAAC05311B52291006E953E /* pngwrite.c */; };
		4BAAC06511B52291006E953E /* pngwtran.c in Sources */ = {isa = PBXBuildFile; fileRef = 4BAAC05411B52291006E953E /* pngwtran.c */; };
		4BAAC06611B52291006E953E /* pngwutil.c in Sources */ = {isa = PBXBuildFile; fileRef = 4BAAC05511B52291006E953E /* pngwutil.c */; };
		4BAAC06811B522BB006E953E /* libz.dylib in Frameworks */ = {isa = PBXBuildFile; fileRef = 4BAAC06711B522BB006E953E /* libz.dylib */; };
		4BAAC08511B524CF006E953E /* OpenAL.framework in Frameworks */ = {isa = PBXBuildFile; fileRef = 4BAAC08411B524CF006E953E /* OpenAL.framework */; };
		4BAAC08F11B52687006E953E /* logo.cpp in Sources */ = {isa = PBXBuildFile; fileRef = 4BAAC08D11B52687006E953E /* logo.cpp */; };
		4BAAC09511B527A3006E953E /* intensity.cpp in Sources */ = {isa = PBXBuildFile; fileRef = 4BAAC09011B527A3006E953E /* intensity.cpp */; };
		4BAAC09611B527A3006E953E /* mainroot.cpp in Sources */ = {isa = PBXBuildFile; fileRef = 4BAAC09211B527A3006E953E /* mainroot.cpp */; };
		4BAAC09C11B52841006E953E /* resource.cpp in Sources */ = {isa = PBXBuildFile; fileRef = 4BAAC09B11B52841006E953E /* resource.cpp */; };
		4BAAC0CB11B529F2006E953E /* Logo.png in Resources */ = {isa = PBXBuildFile; fileRef = 4BAAC0CA11B529F2006E953E /* Logo.png */; };
/* End PBXBuildFile section */

/* Begin PBXFileReference section */
		1D30AB110D05D00D00671497 /* Foundation.framework */ = {isa = PBXFileReference; lastKnownFileType = wrapper.framework; name = Foundation.framework; path = System/Library/Frameworks/Foundation.framework; sourceTree = SDKROOT; };
		1D6058910D05DD3D006BFB54 /* SSA-sample1.app */ = {isa = PBXFileReference; explicitFileType = wrapper.application; includeInIndex = 0; path = "SSA-sample1.app"; sourceTree = BUILT_PRODUCTS_DIR; };
		1DF5F4DF0D08C38300B7A737 /* UIKit.framework */ = {isa = PBXFileReference; lastKnownFileType = wrapper.framework; name = UIKit.framework; path = System/Library/Frameworks/UIKit.framework; sourceTree = SDKROOT; };
		2514C26D10084DB100A42282 /* ES1Renderer.h */ = {isa = PBXFileReference; fileEncoding = 4; lastKnownFileType = sourcecode.c.h; path = ES1Renderer.h; sourceTree = "<group>"; };
		2514C26F10084DB100A42282 /* ES2Renderer.h */ = {isa = PBXFileReference; fileEncoding = 4; lastKnownFileType = sourcecode.c.h; path = ES2Renderer.h; sourceTree = "<group>"; };
		2514C27010084DB100A42282 /* ES2Renderer.m */ = {isa = PBXFileReference; fileEncoding = 4; lastKnownFileType = sourcecode.c.objc; path = ES2Renderer.m; sourceTree = "<group>"; };
		2514C27110084DB100A42282 /* ESRenderer.h */ = {isa = PBXFileReference; fileEncoding = 4; lastKnownFileType = sourcecode.c.h; path = ESRenderer.h; sourceTree = "<group>"; };
		2514C27910084DCA00A42282 /* Shader.fsh */ = {isa = PBXFileReference; fileEncoding = 4; lastKnownFileType = sourcecode.glsl; name = Shader.fsh; path = Shaders/Shader.fsh; sourceTree = "<group>"; };
		2514C27A10084DCA00A42282 /* Shader.vsh */ = {isa = PBXFileReference; fileEncoding = 4; lastKnownFileType = sourcecode.glsl; name = Shader.vsh; path = Shaders/Shader.vsh; sourceTree = "<group>"; };
		28AD733E0D9D9553002E5188 /* MainWindow.xib */ = {isa = PBXFileReference; lastKnownFileType = file.xib; path = MainWindow.xib; sourceTree = "<group>"; };
		28FD14FC0DC6FC130079059D /* EAGLView.h */ = {isa = PBXFileReference; fileEncoding = 4; lastKnownFileType = sourcecode.c.h; path = EAGLView.h; sourceTree = "<group>"; };
		28FD14FF0DC6FC520079059D /* OpenGLES.framework */ = {isa = PBXFileReference; lastKnownFileType = wrapper.framework; name = OpenGLES.framework; path = System/Library/Frameworks/OpenGLES.framework; sourceTree = SDKROOT; };
		28FD15070DC6FC5B0079059D /* QuartzCore.framework */ = {isa = PBXFileReference; lastKnownFileType = wrapper.framework; name = QuartzCore.framework; path = System/Library/Frameworks/QuartzCore.framework; sourceTree = SDKROOT; };
		29B97316FDCFA39411CA2CEA /* main.m */ = {isa = PBXFileReference; fileEncoding = 4; lastKnownFileType = sourcecode.c.objc; path = main.m; sourceTree = "<group>"; };
		32CA4F630368D1EE00C91783 /* SSA_sample1_Prefix.pch */ = {isa = PBXFileReference; fileEncoding = 4; lastKnownFileType = sourcecode.c.h; path = SSA_sample1_Prefix.pch; sourceTree = "<group>"; };
		4B19ADDA11AC06E600F86700 /* MainWindow-iPad.xib */ = {isa = PBXFileReference; lastKnownFileType = file.xib; path = "MainWindow-iPad.xib"; sourceTree = "<group>"; };
		4B76DACC11BE584A00DD1CE8 /* playbutton.png */ = {isa = PBXFileReference; lastKnownFileType = image.png; path = playbutton.png; sourceTree = "<group>"; };
		4B76DAD011BE596F00DD1CE8 /* button.cpp */ = {isa = PBXFileReference; fileEncoding = 4; lastKnownFileType = sourcecode.cpp.cpp; name = button.cpp; path = ../../../libMac/OpenMP/button.cpp; sourceTree = SOURCE_ROOT; };
		4B76DAD111BE596F00DD1CE8 /* button.hpp */ = {isa = PBXFileReference; fileEncoding = 4; lastKnownFileType = sourcecode.cpp.h; name = button.hpp; path = ../../../libMac/OpenMP/button.hpp; sourceTree = SOURCE_ROOT; };
		4BAABF8E11B51B87006E953E /* EAGLView.mm */ = {isa = PBXFileReference; fileEncoding = 4; lastKnownFileType = sourcecode.cpp.objcpp; path = EAGLView.mm; sourceTree = "<group>"; };
		4BAABF8F11B51B87006E953E /* ES1Renderer.mm */ = {isa = PBXFileReference; fileEncoding = 4; lastKnownFileType = sourcecode.cpp.objcpp; path = ES1Renderer.mm; sourceTree = "<group>"; };
		4BAABFC711B51ECD006E953E /* SSA_sample1AppDelegate.h */ = {isa = PBXFileReference; fileEncoding = 4; lastKnownFileType = sourcecode.c.h; path = SSA_sample1AppDelegate.h; sourceTree = "<group>"; };
		4BAABFC811B51ECD006E953E /* SSA_sample1AppDelegate.m */ = {isa = PBXFileReference; fileEncoding = 4; lastKnownFileType = sourcecode.c.objc; path = SSA_sample1AppDelegate.m; sourceTree = "<group>"; };
		4BAABFDA11B5215B006E953E /* glcore_ipo.cpp */ = {isa = PBXFileReference; fileEncoding = 4; lastKnownFileType = sourcecode.cpp.cpp; name = glcore_ipo.cpp; path = ../../../libMac/Apple/glcore_ipo.cpp; sourceTree = SOURCE_ROOT; };
		4BAABFDB11B5215B006E953E /* glcore_ipo.hpp */ = {isa = PBXFileReference; fileEncoding = 4; lastKnownFileType = sourcecode.cpp.h; name = glcore_ipo.hpp; path = ../../../libMac/Apple/glcore_ipo.hpp; sourceTree = SOURCE_ROOT; };
		4BAABFDC11B5215B006E953E /* gldev_ipo.cpp */ = {isa = PBXFileReference; fileEncoding = 4; lastKnownFileType = sourcecode.cpp.cpp; name = gldev_ipo.cpp; path = ../../../libMac/Apple/gldev_ipo.cpp; sourceTree = SOURCE_ROOT; };
		4BAABFDD11B5215B006E953E /* gldev_ipo.hpp */ = {isa = PBXFileReference; fileEncoding = 4; lastKnownFileType = sourcecode.cpp.h; name = gldev_ipo.hpp; path = ../../../libMac/Apple/gldev_ipo.hpp; sourceTree = SOURCE_ROOT; };
		4BAABFE311B5226F006E953E /* audio_mno8.hpp */ = {isa = PBXFileReference; fileEncoding = 4; lastKnownFileType = sourcecode.cpp.h; name = audio_mno8.hpp; path = ../../../libMac/GLfw/audio_mno8.hpp; sourceTree = SOURCE_ROOT; };
		4BAABFE411B5226F006E953E /* audio_mno16.hpp */ = {isa = PBXFileReference; fileEncoding = 4; lastKnownFileType = sourcecode.cpp.h; name = audio_mno16.hpp; path = ../../../libMac/GLfw/audio_mno16.hpp; sourceTree = SOURCE_ROOT; };
		4BAABFE511B5226F006E953E /* audio_mno32.hpp */ = {isa = PBXFileReference; fileEncoding = 4; lastKnownFileType = sourcecode.cpp.h; name = audio_mno32.hpp; path = ../../../libMac/GLfw/audio_mno32.hpp; sourceTree = SOURCE_ROOT; };
		4BAABFE611B5226F006E953E /* audio_sto8.hpp */ = {isa = PBXFileReference; fileEncoding = 4; lastKnownFileType = sourcecode.cpp.h; name = audio_sto8.hpp; path = ../../../libMac/GLfw/audio_sto8.hpp; sourceTree = SOURCE_ROOT; };
		4BAABFE711B5226F006E953E /* audio_sto16.hpp */ = {isa = PBXFileReference; fileEncoding = 4; lastKnownFileType = sourcecode.cpp.h; name = audio_sto16.hpp; path = ../../../libMac/GLfw/audio_sto16.hpp; sourceTree = SOURCE_ROOT; };
		4BAABFE811B5226F006E953E /* audio_sto32.hpp */ = {isa = PBXFileReference; fileEncoding = 4; lastKnownFileType = sourcecode.cpp.h; name = audio_sto32.hpp; path = ../../../libMac/GLfw/audio_sto32.hpp; sourceTree = SOURCE_ROOT; };
		4BAABFE911B5226F006E953E /* audio.hpp */ = {isa = PBXFileReference; fileEncoding = 4; lastKnownFileType = sourcecode.cpp.h; name = audio.hpp; path = ../../../libMac/GLfw/audio.hpp; sourceTree = SOURCE_ROOT; };
		4BAABFEA11B5226F006E953E /* audioio.cpp */ = {isa = PBXFileReference; fileEncoding = 4; lastKnownFileType = sourcecode.cpp.cpp; name = audioio.cpp; path = ../../../libMac/GLfw/audioio.cpp; sourceTree = SOURCE_ROOT; };
		4BAABFEB11B5226F006E953E /* audioio.hpp */ = {isa = PBXFileReference; fileEncoding = 4; lastKnownFileType = sourcecode.cpp.h; name = audioio.hpp; path = ../../../libMac/GLfw/audioio.hpp; sourceTree = SOURCE_ROOT; };
		4BAABFEC11B5226F006E953E /* bmpio.cpp */ = {isa = PBXFileReference; fileEncoding = 4; lastKnownFileType = sourcecode.cpp.cpp; name = bmpio.cpp; path = ../../../libMac/GLfw/bmpio.cpp; sourceTree = SOURCE_ROOT; };
		4BAABFED11B5226F006E953E /* bmpio.hpp */ = {isa = PBXFileReference; fileEncoding = 4; lastKnownFileType = sourcecode.cpp.h; name = bmpio.hpp; path = ../../../libMac/GLfw/bmpio.hpp; sourceTree = SOURCE_ROOT; };
		4BAABFF511B5226F006E953E /* fileio.cpp */ = {isa = PBXFileReference; fileEncoding = 4; lastKnownFileType = sourcecode.cpp.cpp; name = fileio.cpp; path = ../../../libMac/GLfw/fileio.cpp; sourceTree = SOURCE_ROOT; };
		4BAABFF611B5226F006E953E /* fileio.hpp */ = {isa = PBXFileReference; fileEncoding = 4; lastKnownFileType = sourcecode.cpp.h; name = fileio.hpp; path = ../../../libMac/GLfw/fileio.hpp; sourceTree = SOURCE_ROOT; };
		4BAABFF711B5226F006E953E /* galloc.cpp */ = {isa = PBXFileReference; fileEncoding = 4; lastKnownFileType = sourcecode.cpp.cpp; name = galloc.cpp; path = ../../../libMac/GLfw/galloc.cpp; sourceTree = SOURCE_ROOT; };
		4BAABFF811B5226F006E953E /* galloc.hpp */ = {isa = PBXFileReference; fileEncoding = 4; lastKnownFileType = sourcecode.cpp.h; name = galloc.hpp; path = ../../../libMac/GLfw/galloc.hpp; sourceTree = SOURCE_ROOT; };
		4BAABFF911B5226F006E953E /* gl_info.hpp */ = {isa = PBXFileReference; fileEncoding = 4; lastKnownFileType = sourcecode.cpp.h; name = gl_info.hpp; path = ../../../libMac/GLfw/gl_info.hpp; sourceTree = SOURCE_ROOT; };
		4BAABFFA11B5226F006E953E /* gldev_i.hpp */ = {isa = PBXFileReference; fileEncoding = 4; lastKnownFileType = sourcecode.cpp.h; name = gldev_i.hpp; path = ../../../libMac/GLfw/gldev_i.hpp; sourceTree = SOURCE_ROOT; };
		4BAABFFF11B5226F006E953E /* glmobj.cpp */ = {isa = PBXFileReference; fileEncoding = 4; lastKnownFileType = sourcecode.cpp.cpp; name = glmobj.cpp; path = ../../../libMac/GLfw/glmobj.cpp; sourceTree = SOURCE_ROOT; };
		4BAAC00011B5226F006E953E /* glmobj.hpp */ = {isa = PBXFileReference; fileEncoding = 4; lastKnownFileType = sourcecode.cpp.h; name = glmobj.hpp; path = ../../../libMac/GLfw/glmobj.hpp; sourceTree = SOURCE_ROOT; };
		4BAAC00111B5226F006E953E /* gltexfb.cpp */ = {isa = PBXFileReference; fileEncoding = 4; lastKnownFileType = sourcecode.cpp.cpp; name = gltexfb.cpp; path = ../../../libMac/GLfw/gltexfb.cpp; sourceTree = SOURCE_ROOT; };
		4BAAC00211B5226F006E953E /* gltexfb.hpp */ = {isa = PBXFileReference; fileEncoding = 4; lastKnownFileType = sourcecode.cpp.h; name = gltexfb.hpp; path = ../../../libMac/GLfw/gltexfb.hpp; sourceTree = SOURCE_ROOT; };
		4BAAC00311B5226F006E953E /* glutil.cpp */ = {isa = PBXFileReference; fileEncoding = 4; lastKnownFileType = sourcecode.cpp.cpp; name = glutil.cpp; path = ../../../libMac/GLfw/glutil.cpp; sourceTree = SOURCE_ROOT; };
		4BAAC00411B5226F006E953E /* glutil.hpp */ = {isa = PBXFileReference; fileEncoding = 4; lastKnownFileType = sourcecode.cpp.h; name = glutil.hpp; path = ../../../libMac/GLfw/glutil.hpp; sourceTree = SOURCE_ROOT; };
		4BAAC00511B5226F006E953E /* Iaudio.hpp */ = {isa = PBXFileReference; fileEncoding = 4; lastKnownFileType = sourcecode.cpp.h; name = Iaudio.hpp; path = ../../../libMac/GLfw/Iaudio.hpp; sourceTree = SOURCE_ROOT; };
		4BAAC00611B5226F006E953E /* IGLcore.hpp */ = {isa = PBXFileReference; fileEncoding = 4; lastKnownFileType = sourcecode.cpp.h; name = IGLcore.hpp; path = ../../../libMac/GLfw/IGLcore.hpp; sourceTree = SOURCE_ROOT; };
		4BAAC00711B5226F006E953E /* Iimg.hpp */ = {isa = PBXFileReference; fileEncoding = 4; lastKnownFileType = sourcecode.cpp.h; name = Iimg.hpp; path = ../../../libMac/GLfw/Iimg.hpp; sourceTree = SOURCE_ROOT; };
		4BAAC00811B5226F006E953E /* Iimgio.hpp */ = {isa = PBXFileReference; fileEncoding = 4; lastKnownFileType = sourcecode.cpp.h; name = Iimgio.hpp; path = ../../../libMac/GLfw/Iimgio.hpp; sourceTree = SOURCE_ROOT; };
		4BAAC00911B5226F006E953E /* Ikfimg.hpp */ = {isa = PBXFileReference; fileEncoding = 4; lastKnownFileType = sourcecode.cpp.h; name = Ikfimg.hpp; path = ../../../libMac/GLfw/Ikfimg.hpp; sourceTree = SOURCE_ROOT; };
		4BAAC00A11B5226F006E953E /* img_clut.hpp */ = {isa = PBXFileReference; fileEncoding = 4; lastKnownFileType = sourcecode.cpp.h; name = img_clut.hpp; path = ../../../libMac/GLfw/img_clut.hpp; sourceTree = SOURCE_ROOT; };
		4BAAC00B11B5226F006E953E /* img_gray8.hpp */ = {isa = PBXFileReference; fileEncoding = 4; lastKnownFileType = sourcecode.cpp.h; name = img_gray8.hpp; path = ../../../libMac/GLfw/img_gray8.hpp; sourceTree = SOURCE_ROOT; };
		4BAAC00C11B5226F006E953E /* img_idx8.hpp */ = {isa = PBXFileReference; fileEncoding = 4; lastKnownFileType = sourcecode.cpp.h; name = img_idx8.hpp; path = ../../../libMac/GLfw/img_idx8.hpp; sourceTree = SOURCE_ROOT; };
		4BAAC00D11B5226F006E953E /* img_rgba8.hpp */ = {isa = PBXFileReference; fileEncoding = 4; lastKnownFileType = sourcecode.cpp.h; name = img_rgba8.hpp; path = ../../../libMac/GLfw/img_rgba8.hpp; sourceTree = SOURCE_ROOT; };
		4BAAC00E11B5226F006E953E /* img_util.cpp */ = {isa = PBXFileReference; fileEncoding = 4; lastKnownFileType = sourcecode.cpp.cpp; name = img_util.cpp; path = ../../../libMac/GLfw/img_util.cpp; sourceTree = SOURCE_ROOT; };
		4BAAC00F11B5226F006E953E /* img_util.hpp */ = {isa = PBXFileReference; fileEncoding = 4; lastKnownFileType = sourcecode.cpp.h; name = img_util.hpp; path = ../../../libMac/GLfw/img_util.hpp; sourceTree = SOURCE_ROOT; };
		4BAAC01011B5226F006E953E /* img.hpp */ = {isa = PBXFileReference; fileEncoding = 4; lastKnownFileType = sourcecode.cpp.h; name = img.hpp; path = ../../../libMac/GLfw/img.hpp; sourceTree = SOURCE_ROOT; };
		4BAAC01311B5226F006E953E /* Iscene.hpp */ = {isa = PBXFileReference; fileEncoding = 4; lastKnownFileType = sourcecode.cpp.h; name = Iscene.hpp; path = ../../../libMac/GLfw/Iscene.hpp; sourceTree = SOURCE_ROOT; };
		4BAAC01411B5226F006E953E /* Isndio.hpp */ = {isa = PBXFileReference; fileEncoding = 4; lastKnownFileType = sourcecode.cpp.h; name = Isndio.hpp; path = ../../../libMac/GLfw/Isndio.hpp; sourceTree = SOURCE_ROOT; };
		4BAAC01B11B5226F006E953E /* mtx.hpp */ = {isa = PBXFileReference; fileEncoding = 4; lastKnownFileType = sourcecode.cpp.h; name = mtx.hpp; path = ../../../libMac/GLfw/mtx.hpp; sourceTree = SOURCE_ROOT; };
		4BAAC01C11B5226F006E953E /* paint.cpp */ = {isa = PBXFileReference; fileEncoding = 4; lastKnownFileType = sourcecode.cpp.cpp; name = paint.cpp; path = ../../../libMac/GLfw/paint.cpp; sourceTree = SOURCE_ROOT; };
		4BAAC01D11B5226F006E953E /* paint.hpp */ = {isa = PBXFileReference; fileEncoding = 4; lastKnownFileType = sourcecode.cpp.h; name = paint.hpp; path = ../../../libMac/GLfw/paint.hpp; sourceTree = SOURCE_ROOT; };
		4BAAC01E11B5226F006E953E /* pngio.cpp */ = {isa = PBXFileReference; fileEncoding = 4; lastKnownFileType = sourcecode.cpp.cpp; name = pngio.cpp; path = ../../../libMac/GLfw/pngio.cpp; sourceTree = SOURCE_ROOT; };
		4BAAC01F11B5226F006E953E /* pngio.hpp */ = {isa = PBXFileReference; fileEncoding = 4; lastKnownFileType = sourcecode.cpp.h; name = pngio.hpp; path = ../../../libMac/GLfw/pngio.hpp; sourceTree = SOURCE_ROOT; };
		4BAAC02211B5226F006E953E /* sound.cpp */ = {isa = PBXFileReference; fileEncoding = 4; lastKnownFileType = sourcecode.cpp.cpp; name = sound.cpp; path = ../../../libMac/GLfw/sound.cpp; sourceTree = SOURCE_ROOT; };
		4BAAC02311B5226F006E953E /* sound.hpp */ = {isa = PBXFileReference; fileEncoding = 4; lastKnownFileType = sourcecode.cpp.h; name = sound.hpp; path = ../../../libMac/GLfw/sound.hpp; sourceTree = SOURCE_ROOT; };
		4BAAC02411B5226F006E953E /* vmath.cpp */ = {isa = PBXFileReference; fileEncoding = 4; lastKnownFileType = sourcecode.cpp.cpp; name = vmath.cpp; path = ../../../libMac/GLfw/vmath.cpp; sourceTree = SOURCE_ROOT; };
		4BAAC02511B5226F006E953E /* vmath.hpp */ = {isa = PBXFileReference; fileEncoding = 4; lastKnownFileType = sourcecode.cpp.h; name = vmath.hpp; path = ../../../libMac/GLfw/vmath.hpp; sourceTree = SOURCE_ROOT; };
		4BAAC02611B5226F006E953E /* vtx.cpp */ = {isa = PBXFileReference; fileEncoding = 4; lastKnownFileType = sourcecode.cpp.cpp; name = vtx.cpp; path = ../../../libMac/GLfw/vtx.cpp; sourceTree = SOURCE_ROOT; };
		4BAAC02711B5226F006E953E /* vtx.hpp */ = {isa = PBXFileReference; fileEncoding = 4; lastKnownFileType = sourcecode.cpp.h; name = vtx.hpp; path = ../../../libMac/GLfw/vtx.hpp; sourceTree = SOURCE_ROOT; };
		4BAAC02811B5226F006E953E /* wavio.cpp */ = {isa = PBXFileReference; fileEncoding = 4; lastKnownFileType = sourcecode.cpp.cpp; name = wavio.cpp; path = ../../../libMac/GLfw/wavio.cpp; sourceTree = SOURCE_ROOT; };
		4BAAC02911B5226F006E953E /* wavio.hpp */ = {isa = PBXFileReference; fileEncoding = 4; lastKnownFileType = sourcecode.cpp.h; name = wavio.hpp; path = ../../../libMac/GLfw/wavio.hpp; sourceTree = SOURCE_ROOT; };
		4BAAC04311B52291006E953E /* png.c */ = {isa = PBXFileReference; fileEncoding = 4; lastKnownFileType = sourcecode.c.c; name = png.c; path = ../../../libMac/libpng/png.c; sourceTree = SOURCE_ROOT; };
		4BAAC04411B52291006E953E /* png.h */ = {isa = PBXFileReference; fileEncoding = 4; lastKnownFileType = sourcecode.c.h; name = png.h; path = ../../../libMac/libpng/png.h; sourceTree = SOURCE_ROOT; };
		4BAAC04511B52291006E953E /* pngconf.h */ = {isa = PBXFileReference; fileEncoding = 4; lastKnownFileType = sourcecode.c.h; name = pngconf.h; path = ../../../libMac/libpng/pngconf.h; sourceTree = SOURCE_ROOT; };
		4BAAC04611B52291006E953E /* pngerror.c */ = {isa = PBXFileReference; fileEncoding = 4; lastKnownFileType = sourcecode.c.c; name = pngerror.c; path = ../../../libMac/libpng/pngerror.c; sourceTree = SOURCE_ROOT; };
		4BAAC04711B52291006E953E /* pnggccrd.c */ = {isa = PBXFileReference; fileEncoding = 4; lastKnownFileType = sourcecode.c.c; name = pnggccrd.c; path = ../../../libMac/libpng/pnggccrd.c; sourceTree = SOURCE_ROOT; };
		4BAAC04811B52291006E953E /* pngget.c */ = {isa = PBXFileReference; fileEncoding = 4; lastKnownFileType = sourcecode.c.c; name = pngget.c; path = ../../../libMac/libpng/pngget.c; sourceTree = SOURCE_ROOT; };
		4BAAC04911B52291006E953E /* pngmem.c */ = {isa = PBXFileReference; fileEncoding = 4; lastKnownFileType = sourcecode.c.c; name = pngmem.c; path = ../../../libMac/libpng/pngmem.c; sourceTree = SOURCE_ROOT; };
		4BAAC04A11B52291006E953E /* pngpread.c */ = {isa = PBXFileReference; fileEncoding = 4; lastKnownFileType = sourcecode.c.c; name = pngpread.c; path = ../../../libMac/libpng/pngpread.c; sourceTree = SOURCE_ROOT; };
		4BAAC04B11B52291006E953E /* pngread.c */ = {isa = PBXFileReference; fileEncoding = 4; lastKnownFileType = sourcecode.c.c; name = pngread.c; path = ../../../libMac/libpng/pngread.c; sourceTree = SOURCE_ROOT; };
		4BAAC04C11B52291006E953E /* pngrio.c */ = {isa = PBXFileReference; fileEncoding = 4; lastKnownFileType = sourcecode.c.c; name = pngrio.c; path = ../../../libMac/libpng/pngrio.c; sourceTree = SOURCE_ROOT; };
		4BAAC04D11B52291006E953E /* pngrtran.c */ = {isa = PBXFileReference; fileEncoding = 4; lastKnownFileType = sourcecode.c.c; name = pngrtran.c; path = ../../../libMac/libpng/pngrtran.c; sourceTree = SOURCE_ROOT; };
		4BAAC04E11B52291006E953E /* pngrutil.c */ = {isa = PBXFileReference; fileEncoding = 4; lastKnownFileType = sourcecode.c.c; name = pngrutil.c; path = ../../../libMac/libpng/pngrutil.c; sourceTree = SOURCE_ROOT; };
		4BAAC04F11B52291006E953E /* pngset.c */ = {isa = PBXFileReference; fileEncoding = 4; lastKnownFileType = sourcecode.c.c; name = pngset.c; path = ../../../libMac/libpng/pngset.c; sourceTree = SOURCE_ROOT; };
		4BAAC05011B52291006E953E /* pngtrans.c */ = {isa = PBXFileReference; fileEncoding = 4; lastKnownFileType = sourcecode.c.c; name = pngtrans.c; path = ../../../libMac/libpng/pngtrans.c; sourceTree = SOURCE_ROOT; };
		4BAAC05111B52291006E953E /* pngvcrd.c */ = {isa = PBXFileReference; fileEncoding = 4; lastKnownFileType = sourcecode.c.c; name = pngvcrd.c; path = ../../../libMac/libpng/pngvcrd.c; sourceTree = SOURCE_ROOT; };
		4BAAC05211B52291006E953E /* pngwio.c */ = {isa = PBXFileReference; fileEncoding = 4; lastKnownFileType = sourcecode.c.c; name = pngwio.c; path = ../../../libMac/libpng/pngwio.c; sourceTree = SOURCE_ROOT; };
		4BAAC05311B52291006E953E /* pngwrite.c */ = {isa = PBXFileReference; fileEncoding = 4; lastKnownFileType = sourcecode.c.c; name = pngwrite.c; path = ../../../libMac/libpng/pngwrite.c; sourceTree = SOURCE_ROOT; };
		4BAAC05411B52291006E953E /* pngwtran.c */ = {isa = PBXFileReference; fileEncoding = 4; lastKnownFileType = sourcecode.c.c; name = pngwtran.c; path = ../../../libMac/libpng/pngwtran.c; sourceTree = SOURCE_ROOT; };
		4BAAC05511B52291006E953E /* pngwutil.c */ = {isa = PBXFileReference; fileEncoding = 4; lastKnownFileType = sourcecode.c.c; name = pngwutil.c; path = ../../../libMac/libpng/pngwutil.c; sourceTree = SOURCE_ROOT; };
		4BAAC06711B522BB006E953E /* libz.dylib */ = {isa = PBXFileReference; lastKnownFileType = "compiled.mach-o.dylib"; name = libz.dylib; path = usr/lib/libz.dylib; sourceTree = SDKROOT; };
		4BAAC08411B524CF006E953E /* OpenAL.framework */ = {isa = PBXFileReference; lastKnownFileType = wrapper.framework; name = OpenAL.framework; path = System/Library/Frameworks/OpenAL.framework; sourceTree = SDKROOT; };
		4BAAC08D11B52687006E953E /* logo.cpp */ = {isa = PBXFileReference; fileEncoding = 4; lastKnownFileType = sourcecode.cpp.cpp; name = logo.cpp; path = App/logo.cpp; sourceTree = "<group>"; };
		4BAAC08E11B52687006E953E /* logo.hpp */ = {isa = PBXFileReference; fileEncoding = 4; lastKnownFileType = sourcecode.cpp.h; name = logo.hpp; path = App/logo.hpp; sourceTree = "<group>"; };
		4BAAC09011B527A3006E953E /* intensity.cpp */ = {isa = PBXFileReference; fileEncoding = 4; lastKnownFileType = sourcecode.cpp.cpp; name = intensity.cpp; path = App/intensity.cpp; sourceTree = "<group>"; };
		4BAAC09111B527A3006E953E /* intensity.hpp */ = {isa = PBXFileReference; fileEncoding = 4; lastKnownFileType = sourcecode.cpp.h; name = intensity.hpp; path = App/intensity.hpp; sourceTree = "<group>"; };
		4BAAC09211B527A3006E953E /* mainroot.cpp */ = {isa = PBXFileReference; fileEncoding = 4; lastKnownFileType = sourcecode.cpp.cpp; name = mainroot.cpp; path = App/mainroot.cpp; sourceTree = "<group>"; };
		4BAAC09311B527A3006E953E /* mainroot.hpp */ = {isa = PBXFileReference; fileEncoding = 4; lastKnownFileType = sourcecode.cpp.h; name = mainroot.hpp; path = App/mainroot.hpp; sourceTree = "<group>"; };
		4BAAC09411B527A3006E953E /* scene_info.hpp */ = {isa = PBXFileReference; fileEncoding = 4; lastKnownFileType = sourcecode.cpp.h; name = scene_info.hpp; path = App/scene_info.hpp; sourceTree = "<group>"; };
		4BAAC09B11B52841006E953E /* resource.cpp */ = {isa = PBXFileReference; fileEncoding = 4; lastKnownFileType = sourcecode.cpp.cpp; name = resource.cpp; path = App/resource.cpp; sourceTree = "<group>"; };
		4BAAC09D11B5284D006E953E /* resource.hpp */ = {isa = PBXFileReference; fileEncoding = 4; lastKnownFileType = sourcecode.cpp.h; name = resource.hpp; path = App/resource.hpp; sourceTree = "<group>"; };
		4BAAC0CA11B529F2006E953E /* Logo.png */ = {isa = PBXFileReference; lastKnownFileType = image.png; path = Logo.png; sourceTree = "<group>"; };
		8D1107310486CEB800E47090 /* SSA_sample1-Info.plist */ = {isa = PBXFileReference; fileEncoding = 4; lastKnownFileType = text.plist.xml; path = "SSA_sample1-Info.plist"; plistStructureDefinitionIdentifier = "com.apple.xcode.plist.structure-definition.iphone.info-plist"; sourceTree = "<group>"; };
/* End PBXFileReference section */

/* Begin PBXFrameworksBuildPhase section */
		1D60588F0D05DD3D006BFB54 /* Frameworks */ = {
			isa = PBXFrameworksBuildPhase;
			buildActionMask = 2147483647;
			files = (
				1D60589F0D05DD5A006BFB54 /* Foundation.framework in Frameworks */,
				1DF5F4E00D08C38300B7A737 /* UIKit.framework in Frameworks */,
				28FD15000DC6FC520079059D /* OpenGLES.framework in Frameworks */,
				28FD15080DC6FC5B0079059D /* QuartzCore.framework in Frameworks */,
				4BAAC06811B522BB006E953E /* libz.dylib in Frameworks */,
				4BAAC08511B524CF006E953E /* OpenAL.framework in Frameworks */,
			);
			runOnlyForDeploymentPostprocessing = 0;
		};
/* End PBXFrameworksBuildPhase section */

/* Begin PBXGroup section */
		080E96DDFE201D6D7F000001 /* Classes */ = {
			isa = PBXGroup;
			children = (
				4BAABFC711B51ECD006E953E /* SSA_sample1AppDelegate.h */,
				4BAABFC811B51ECD006E953E /* SSA_sample1AppDelegate.m */,
				4BAABF8E11B51B87006E953E /* EAGLView.mm */,
				4BAABF8F11B51B87006E953E /* ES1Renderer.mm */,
				2514C26D10084DB100A42282 /* ES1Renderer.h */,
				2514C26F10084DB100A42282 /* ES2Renderer.h */,
				2514C27010084DB100A42282 /* ES2Renderer.m */,
				2514C27110084DB100A42282 /* ESRenderer.h */,
				28FD14FC0DC6FC130079059D /* EAGLView.h */,
			);
			path = Classes;
			sourceTree = "<group>";
		};
		19C28FACFE9D520D11CA2CBB /* Products */ = {
			isa = PBXGroup;
			children = (
				1D6058910D05DD3D006BFB54 /* SSA-sample1.app */,
			);
			name = Products;
			sourceTree = "<group>";
		};
		2514C27610084DB600A42282 /* Shaders */ = {
			isa = PBXGroup;
			children = (
				2514C27910084DCA00A42282 /* Shader.fsh */,
				2514C27A10084DCA00A42282 /* Shader.vsh */,
			);
			name = Shaders;
			sourceTree = "<group>";
		};
		29B97314FDCFA39411CA2CEA /* CustomTemplate */ = {
			isa = PBXGroup;
			children = (
				4BAAC08C11B52677006E953E /* App */,
				4BAAC04211B52279006E953E /* libPNG */,
				4BAABFE211B5224B006E953E /* GLfw */,
				4BAABFD911B52137006E953E /* IGLCore */,
				080E96DDFE201D6D7F000001 /* Classes */,
				2514C27610084DB600A42282 /* Shaders */,
				29B97315FDCFA39411CA2CEA /* Other Sources */,
				29B97317FDCFA39411CA2CEA /* Resources */,
				4BAED48811A3AC72007A11C6 /* Resources-iPad */,
				29B97323FDCFA39411CA2CEA /* Frameworks */,
				19C28FACFE9D520D11CA2CBB /* Products */,
				4BAAC08411B524CF006E953E /* OpenAL.framework */,
			);
			name = CustomTemplate;
			sourceTree = "<group>";
		};
		29B97315FDCFA39411CA2CEA /* Other Sources */ = {
			isa = PBXGroup;
			children = (
				32CA4F630368D1EE00C91783 /* SSA_sample1_Prefix.pch */,
				29B97316FDCFA39411CA2CEA /* main.m */,
			);
			name = "Other Sources";
			sourceTree = "<group>";
		};
		29B97317FDCFA39411CA2CEA /* Resources */ = {
			isa = PBXGroup;
			children = (
				28AD733E0D9D9553002E5188 /* MainWindow.xib */,
				8D1107310486CEB800E47090 /* SSA_sample1-Info.plist */,
			);
			name = Resources;
			sourceTree = "<group>";
		};
		29B97323FDCFA39411CA2CEA /* Frameworks */ = {
			isa = PBXGroup;
			children = (
				28FD15070DC6FC5B0079059D /* QuartzCore.framework */,
				28FD14FF0DC6FC520079059D /* OpenGLES.framework */,
				1DF5F4DF0D08C38300B7A737 /* UIKit.framework */,
				1D30AB110D05D00D00671497 /* Foundation.framework */,
				4BAAC06711B522BB006E953E /* libz.dylib */,
			);
			name = Frameworks;
			sourceTree = "<group>";
		};
		4BAABFD911B52137006E953E /* IGLCore */ = {
			isa = PBXGroup;
			children = (
				4BAABFDA11B5215B006E953E /* glcore_ipo.cpp */,
				4BAABFDB11B5215B006E953E /* glcore_ipo.hpp */,
				4BAABFDC11B5215B006E953E /* gldev_ipo.cpp */,
				4BAABFDD11B5215B006E953E /* gldev_ipo.hpp */,
			);
			name = IGLCore;
			sourceTree = "<group>";
		};
		4BAABFE211B5224B006E953E /* GLfw */ = {
			isa = PBXGroup;
			children = (
				4BAABFE311B5226F006E953E /* audio_mno8.hpp */,
				4BAABFE411B5226F006E953E /* audio_mno16.hpp */,
				4BAABFE511B5226F006E953E /* audio_mno32.hpp */,
				4BAABFE611B5226F006E953E /* audio_sto8.hpp */,
				4BAABFE711B5226F006E953E /* audio_sto16.hpp */,
				4BAABFE811B5226F006E953E /* audio_sto32.hpp */,
				4BAABFE911B5226F006E953E /* audio.hpp */,
				4BAABFEA11B5226F006E953E /* audioio.cpp */,
				4BAABFEB11B5226F006E953E /* audioio.hpp */,
				4BAABFEC11B5226F006E953E /* bmpio.cpp */,
				4BAABFED11B5226F006E953E /* bmpio.hpp */,
				4BAABFF511B5226F006E953E /* fileio.cpp */,
				4BAABFF611B5226F006E953E /* fileio.hpp */,
				4BAABFF711B5226F006E953E /* galloc.cpp */,
				4BAABFF811B5226F006E953E /* galloc.hpp */,
				4BAABFF911B5226F006E953E /* gl_info.hpp */,
				4BAABFFA11B5226F006E953E /* gldev_i.hpp */,
				4BAABFFF11B5226F006E953E /* glmobj.cpp */,
				4BAAC00011B5226F006E953E /* glmobj.hpp */,
				4BAAC00111B5226F006E953E /* gltexfb.cpp */,
				4BAAC00211B5226F006E953E /* gltexfb.hpp */,
				4BAAC00311B5226F006E953E /* glutil.cpp */,
				4BAAC00411B5226F006E953E /* glutil.hpp */,
				4BAAC00511B5226F006E953E /* Iaudio.hpp */,
				4BAAC00611B5226F006E953E /* IGLcore.hpp */,
				4BAAC00711B5226F006E953E /* Iimg.hpp */,
				4BAAC00811B5226F006E953E /* Iimgio.hpp */,
				4BAAC00911B5226F006E953E /* Ikfimg.hpp */,
				4BAAC00A11B5226F006E953E /* img_clut.hpp */,
				4BAAC00B11B5226F006E953E /* img_gray8.hpp */,
				4BAAC00C11B5226F006E953E /* img_idx8.hpp */,
				4BAAC00D11B5226F006E953E /* img_rgba8.hpp */,
				4BAAC00E11B5226F006E953E /* img_util.cpp */,
				4BAAC00F11B5226F006E953E /* img_util.hpp */,
				4BAAC01011B5226F006E953E /* img.hpp */,
				4BAAC01311B5226F006E953E /* Iscene.hpp */,
				4BAAC01411B5226F006E953E /* Isndio.hpp */,
				4BAAC01B11B5226F006E953E /* mtx.hpp */,
				4BAAC01C11B5226F006E953E /* paint.cpp */,
				4BAAC01D11B5226F006E953E /* paint.hpp */,
				4BAAC01E11B5226F006E953E /* pngio.cpp */,
				4BAAC01F11B5226F006E953E /* pngio.hpp */,
				4BAAC02211B5226F006E953E /* sound.cpp */,
				4BAAC02311B5226F006E953E /* sound.hpp */,
				4BAAC02411B5226F006E953E /* vmath.cpp */,
				4BAAC02511B5226F006E953E /* vmath.hpp */,
				4BAAC02611B5226F006E953E /* vtx.cpp */,
				4BAAC02711B5226F006E953E /* vtx.hpp */,
				4BAAC02811B5226F006E953E /* wavio.cpp */,
				4BAAC02911B5226F006E953E /* wavio.hpp */,
			);
			name = GLfw;
			sourceTree = "<group>";
		};
		4BAAC04211B52279006E953E /* libPNG */ = {
			isa = PBXGroup;
			children = (
				4BAAC04311B52291006E953E /* png.c */,
				4BAAC04411B52291006E953E /* png.h */,
				4BAAC04511B52291006E953E /* pngconf.h */,
				4BAAC04611B52291006E953E /* pngerror.c */,
				4BAAC04711B52291006E953E /* pnggccrd.c */,
				4BAAC04811B52291006E953E /* pngget.c */,
				4BAAC04911B52291006E953E /* pngmem.c */,
				4BAAC04A11B52291006E953E /* pngpread.c */,
				4BAAC04B11B52291006E953E /* pngread.c */,
				4BAAC04C11B52291006E953E /* pngrio.c */,
				4BAAC04D11B52291006E953E /* pngrtran.c */,
				4BAAC04E11B52291006E953E /* pngrutil.c */,
				4BAAC04F11B52291006E953E /* pngset.c */,
				4BAAC05011B52291006E953E /* pngtrans.c */,
				4BAAC05111B52291006E953E /* pngvcrd.c */,
				4BAAC05211B52291006E953E /* pngwio.c */,
				4BAAC05311B52291006E953E /* pngwrite.c */,
				4BAAC05411B52291006E953E /* pngwtran.c */,
				4BAAC05511B52291006E953E /* pngwutil.c */,
			);
			name = libPNG;
			sourceTree = "<group>";
		};
		4BAAC08C11B52677006E953E /* App */ = {
			isa = PBXGroup;
			children = (
				4B76DAD011BE596F00DD1CE8 /* button.cpp */,
				4B76DAD111BE596F00DD1CE8 /* button.hpp */,
				4BAAC09D11B5284D006E953E /* resource.hpp */,
				4BAAC09B11B52841006E953E /* resource.cpp */,
				4BAAC09011B527A3006E953E /* intensity.cpp */,
				4BAAC09111B527A3006E953E /* intensity.hpp */,
				4BAAC09211B527A3006E953E /* mainroot.cpp */,
				4BAAC09311B527A3006E953E /* mainroot.hpp */,
				4BAAC09411B527A3006E953E /* scene_info.hpp */,
				4BAAC08D11B52687006E953E /* logo.cpp */,
				4BAAC08E11B52687006E953E /* logo.hpp */,
			);
			name = App;
			sourceTree = "<group>";
		};
		4BAED48811A3AC72007A11C6 /* Resources-iPad */ = {
			isa = PBXGroup;
			children = (
				4B76DACC11BE584A00DD1CE8 /* playbutton.png */,
				4BAAC0CA11B529F2006E953E /* Logo.png */,
				4B19ADDA11AC06E600F86700 /* MainWindow-iPad.xib */,
			);
			name = "Resources-iPad";
			sourceTree = "<group>";
		};
/* End PBXGroup section */

/* Begin PBXNativeTarget section */
		1D6058900D05DD3D006BFB54 /* SSA-sample1 */ = {
			isa = PBXNativeTarget;
			buildConfigurationList = 1D6058960D05DD3E006BFB54 /* Build configuration list for PBXNativeTarget "SSA-sample1" */;
			buildPhases = (
				1D60588D0D05DD3D006BFB54 /* Resources */,
				1D60588E0D05DD3D006BFB54 /* Sources */,
				1D60588F0D05DD3D006BFB54 /* Frameworks */,
			);
			buildRules = (
			);
			dependencies = (
			);
			name = "SSA-sample1";
			productName = "SSA-sample1";
			productReference = 1D6058910D05DD3D006BFB54 /* SSA-sample1.app */;
			productType = "com.apple.product-type.application";
		};
/* End PBXNativeTarget section */

/* Begin PBXProject section */
		29B97313FDCFA39411CA2CEA /* Project object */ = {
			isa = PBXProject;
			buildConfigurationList = C01FCF4E08A954540054247B /* Build configuration list for PBXProject "SSA-sample1" */;
			compatibilityVersion = "Xcode 3.2";
			developmentRegion = English;
			hasScannedForEncodings = 1;
			knownRegions = (
				English,
				Japanese,
				French,
				German,
			);
			mainGroup = 29B97314FDCFA39411CA2CEA /* CustomTemplate */;
			projectDirPath = "";
			projectRoot = "";
			targets = (
				1D6058900D05DD3D006BFB54 /* SSA-sample1 */,
			);
		};
/* End PBXProject section */

/* Begin PBXResourcesBuildPhase section */
		1D60588D0D05DD3D006BFB54 /* Resources */ = {
			isa = PBXResourcesBuildPhase;
			buildActionMask = 2147483647;
			files = (
				2514C27B10084DCA00A42282 /* Shader.fsh in Resources */,
				2514C27C10084DCA00A42282 /* Shader.vsh in Resources */,
				28AD733F0D9D9553002E5188 /* MainWindow.xib in Resources */,
				4B19ADDB11AC06E600F86700 /* MainWindow-iPad.xib in Resources */,
				4BAAC0CB11B529F2006E953E /* Logo.png in Resources */,
				4B76DACD11BE584A00DD1CE8 /* playbutton.png in Resources */,
			);
			runOnlyForDeploymentPostprocessing = 0;
		};
/* End PBXResourcesBuildPhase section */

/* Begin PBXSourcesBuildPhase section */
		1D60588E0D05DD3D006BFB54 /* Sources */ = {
			isa = PBXSourcesBuildPhase;
			buildActionMask = 2147483647;
			files = (
				1D60589B0D05DD56006BFB54 /* main.m in Sources */,
				2514C27310084DB100A42282 /* ES2Renderer.m in Sources */,
				4BAABF9211B51B87006E953E /* EAGLView.mm in Sources */,
				4BAABF9311B51B87006E953E /* ES1Renderer.mm in Sources */,
				4BAABFC911B51ECD006E953E /* SSA_sample1AppDelegate.m in Sources */,
				4BAABFDE11B5215B006E953E /* glcore_ipo.cpp in Sources */,
				4BAABFDF11B5215B006E953E /* gldev_ipo.cpp in Sources */,
				4BAAC02A11B5226F006E953E /* audioio.cpp in Sources */,
				4BAAC02B11B5226F006E953E /* bmpio.cpp in Sources */,
				4BAAC02F11B5226F006E953E /* fileio.cpp in Sources */,
				4BAAC03011B5226F006E953E /* galloc.cpp in Sources */,
				4BAAC03311B5226F006E953E /* glmobj.cpp in Sources */,
				4BAAC03411B5226F006E953E /* gltexfb.cpp in Sources */,
				4BAAC03511B5226F006E953E /* glutil.cpp in Sources */,
				4BAAC03611B5226F006E953E /* img_util.cpp in Sources */,
				4BAAC03B11B5226F006E953E /* paint.cpp in Sources */,
				4BAAC03C11B5226F006E953E /* pngio.cpp in Sources */,
				4BAAC03E11B5226F006E953E /* sound.cpp in Sources */,
				4BAAC03F11B5226F006E953E /* vmath.cpp in Sources */,
				4BAAC04011B5226F006E953E /* vtx.cpp in Sources */,
				4BAAC04111B5226F006E953E /* wavio.cpp in Sources */,
				4BAAC05611B52291006E953E /* png.c in Sources */,
				4BAAC05711B52291006E953E /* pngerror.c in Sources */,
				4BAAC05811B52291006E953E /* pnggccrd.c in Sources */,
				4BAAC05911B52291006E953E /* pngget.c in Sources */,
				4BAAC05A11B52291006E953E /* pngmem.c in Sources */,
				4BAAC05B11B52291006E953E /* pngpread.c in Sources */,
				4BAAC05C11B52291006E953E /* pngread.c in Sources */,
				4BAAC05D11B52291006E953E /* pngrio.c in Sources */,
				4BAAC05E11B52291006E953E /* pngrtran.c in Sources */,
				4BAAC05F11B52291006E953E /* pngrutil.c in Sources */,
				4BAAC06011B52291006E953E /* pngset.c in Sources */,
				4BAAC06111B52291006E953E /* pngtrans.c in Sources */,
				4BAAC06211B52291006E953E /* pngvcrd.c in Sources */,
				4BAAC06311B52291006E953E /* pngwio.c in Sources */,
				4BAAC06411B52291006E953E /* pngwrite.c in Sources */,
				4BAAC06511B52291006E953E /* pngwtran.c in Sources */,
				4BAAC06611B52291006E953E /* pngwutil.c in Sources */,
				4BAAC08F11B52687006E953E /* logo.cpp in Sources */,
				4BAAC09511B527A3006E953E /* intensity.cpp in Sources */,
				4BAAC09611B527A3006E953E /* mainroot.cpp in Sources */,
				4BAAC09C11B52841006E953E /* resource.cpp in Sources */,
				4B76DAD211BE596F00DD1CE8 /* button.cpp in Sources */,
			);
			runOnlyForDeploymentPostprocessing = 0;
		};
/* End PBXSourcesBuildPhase section */

/* Begin XCBuildConfiguration section */
		1D6058940D05DD3E006BFB54 /* Debug */ = {
			isa = XCBuildConfiguration;
			buildSettings = {
				ALWAYS_SEARCH_USER_PATHS = NO;
				ARCHS = "$(ARCHS_UNIVERSAL_IPHONE_OS)";
				COPY_PHASE_STRIP = NO;
				GCC_DYNAMIC_NO_PIC = NO;
				GCC_OPTIMIZATION_LEVEL = 0;
				GCC_PRECOMPILE_PREFIX_HEADER = YES;
				GCC_PREFIX_HEADER = SSA_sample1_Prefix.pch;
				"GCC_THUMB_SUPPORT[arch=armv6]" = "";
				INFOPLIST_FILE = "SSA_sample1-Info.plist";
				PRODUCT_NAME = "SSA-sample1";
				SDKROOT = iphoneos3.2;
				TARGETED_DEVICE_FAMILY = "1,2";
			};
			name = Debug;
		};
		1D6058950D05DD3E006BFB54 /* Release */ = {
			isa = XCBuildConfiguration;
			buildSettings = {
				ALWAYS_SEARCH_USER_PATHS = NO;
				ARCHS = "$(ARCHS_UNIVERSAL_IPHONE_OS)";
				COPY_PHASE_STRIP = YES;
				GCC_PRECOMPILE_PREFIX_HEADER = YES;
				GCC_PREFIX_HEADER = SSA_sample1_Prefix.pch;
				"GCC_THUMB_SUPPORT[arch=armv6]" = "";
				INFOPLIST_FILE = "SSA_sample1-Info.plist";
				PRODUCT_NAME = "SSA-sample1";
				SDKROOT = iphoneos3.2;
				TARGETED_DEVICE_FAMILY = "1,2";
				VALIDATE_PRODUCT = YES;
			};
			name = Release;
		};
		C01FCF4F08A954540054247B /* Debug */ = {
			isa = XCBuildConfiguration;
			buildSettings = {
				ARCHS = "$(ARCHS_STANDARD_32_BIT)";
				"CODE_SIGN_IDENTITY[sdk=iphoneos*]" = "iPhone Developer: KOUHEI IKEDA (8U2LQB9FUH)";
				COMPRESS_PNG_FILES = NO;
				GCC_C_LANGUAGE_STANDARD = c99;
				GCC_PREPROCESSOR_DEFINITIONS = (
					BOOST,
					IPHONE_IPAD,
					DEBUG,
				);
				GCC_WARN_ABOUT_RETURN_TYPE = YES;
				GCC_WARN_UNUSED_VARIABLE = YES;
				HEADER_SEARCH_PATHS = /usr/local/include;
				IPHONEOS_DEPLOYMENT_TARGET = 4.0;
				PREBINDING = NO;
				"PROVISIONING_PROFILE[sdk=iphoneos*]" = "041A9C1F-66F7-4E76-B35D-76D48CBB69CD";
				SDKROOT = iphoneos4.3;
				TARGETED_DEVICE_FAMILY = "1,2";
				USER_HEADER_SEARCH_PATHS = "";
			};
			name = Debug;
		};
		C01FCF5008A954540054247B /* Release */ = {
			isa = XCBuildConfiguration;
			buildSettings = {
				ARCHS = "$(ARCHS_STANDARD_32_BIT)";
				"CODE_SIGN_IDENTITY[sdk=iphoneos*]" = "iPhone Developer";
				GCC_C_LANGUAGE_STANDARD = c99;
				GCC_WARN_ABOUT_RETURN_TYPE = YES;
				GCC_WARN_UNUSED_VARIABLE = YES;
				HEADER_SEARCH_PATHS = /usr/local/include;
				OTHER_CFLAGS = "-DNS_BLOCK_ASSERTIONS=1";
				PREBINDING = NO;
				SDKROOT = iphoneos3.1.3;
				USER_HEADER_SEARCH_PATHS = "";
			};
			name = Release;
		};
/* End XCBuildConfiguration section */

/* Begin XCConfigurationList section */
		1D6058960D05DD3E006BFB54 /* Build configuration list for PBXNativeTarget "SSA-sample1" */ = {
			isa = XCConfigurationList;
			buildConfigurations = (
				1D6058940D05DD3E006BFB54 /* Debug */,
				1D6058950D05DD3E006BFB54 /* Release */,
			);
			defaultConfigurationIsVisible = 0;
			defaultConfigurationName = Release;
		};
		C01FCF4E08A954540054247B /* Build configuration list for PBXProject "SSA-sample1" */ = {
			isa = XCConfigurationList;
			buildConfigurations = (
				C01FCF4F08A954540054247B /* Debug */,
				C01FCF5008A954540054247B /* Release */,
			);
			defaultConfigurationIsVisible = 0;
			defaultConfigurationName = Release;
		};
/* End XCConfigurationList section */
	};
	rootObject = 29B97313FDCFA39411CA2CEA /* Project object */;
}
